PODS:
  - Singular-SDK (12.5.0):
    - Singular-SDK/Main (= 12.5.0)
  - Singular-SDK/Main (12.5.0)

DEPENDENCIES:
  - Singular-SDK

SPEC REPOS:
  trunk:
    - Singular-SDK

SPEC CHECKSUMS:
  Singular-SDK: 198466328cf193d4fba7b1d49b666b2f8f21e2d6

PODFILE CHECKSUM: 88f76284e4188a9d8be626f8b5cbe25100f5d7fc

COCOAPODS: 1.15.2
