// !$*UTF8*$!
{
	archiveVersion = 1;
	classes = {
	};
	objectVersion = 54;
	objects = {

/* Begin PBXBuildFile section */
		5C2901831F8F6DE700803663 /* LaunchScreen.storyboard in Resources */ = {isa = PBXBuildFile; fileRef = 5C2901821F8F6DE700803663 /* LaunchScreen.storyboard */; };
		AFD63F872036493600E08C66 /* GameViewControllerMainMaze.swift in Sources */ = {isa = PBXBuildFile; fileRef = AFD63F862036493600E08C66 /* GameViewControllerMainMaze.swift */; };
		AFD63F892036497100E08C66 /* GameSceneMainMaze.swift in Sources */ = {isa = PBXBuildFile; fileRef = AFD63F882036497100E08C66 /* GameSceneMainMaze.swift */; };
		AFD63F8F203649F800E08C66 /* background-music-aac.caf in Resources */ = {isa = PBXBuildFile; fileRef = AFD63F8D203649F800E08C66 /* background-music-aac.caf */; };
		AFD63F90203649F800E08C66 /* pew-pew-lei.caf in Resources */ = {isa = PBXBuildFile; fileRef = AFD63F8E203649F800E08C66 /* pew-pew-lei.caf */; };
		D2A5F2091F4A9144005CD714 /* Main.storyboard in Resources */ = {isa = PBXBuildFile; fileRef = D2A5F2071F4A9144005CD714 /* Main.storyboard */; };
		D2A5F20B1F4A9144005CD714 /* Assets.xcassets in Resources */ = {isa = PBXBuildFile; fileRef = D2A5F20A1F4A9144005CD714 /* Assets.xcassets */; };
		D2A5F2211F4A96D0005CD714 /* AppDelegate.swift in Sources */ = {isa = PBXBuildFile; fileRef = D2A5F2201F4A96D0005CD714 /* AppDelegate.swift */; };
		D61CCDD629E1E7EA009C0598 /* SceneDelegate.swift in Sources */ = {isa = PBXBuildFile; fileRef = D61CCDD529E1E7EA009C0598 /* SceneDelegate.swift */; };
		D63B5C1B2B0001DF00302E8A /* immersedCircle.gif in Resources */ = {isa = PBXBuildFile; fileRef = D63B5C1A2B0001DF00302E8A /* immersedCircle.gif */; };
		D64251F72A7EA8E7000940BD /* GameSceneFluidFlowMaze.swift in Sources */ = {isa = PBXBuildFile; fileRef = D64251F12A7EA8E7000940BD /* GameSceneFluidFlowMaze.swift */; };
		D64251FD2A7EB795000940BD /* ModesViewController.swift in Sources */ = {isa = PBXBuildFile; fileRef = D64251FC2A7EB795000940BD /* ModesViewController.swift */; };
		D64252022A7ECA9C000940BD /* fluidMazes2023-08-05.txt in Resources */ = {isa = PBXBuildFile; fileRef = D64251FE2A7ECA9C000940BD /* fluidMazes2023-08-05.txt */; };
		D64252032A7ECA9C000940BD /* gravityMazes2023-08-05.txt in Resources */ = {isa = PBXBuildFile; fileRef = D64251FF2A7ECA9C000940BD /* gravityMazes2023-08-05.txt */; };
		D64252042A7ECA9C000940BD /* birdMazes2023-08-05.txt in Resources */ = {isa = PBXBuildFile; fileRef = D64252002A7ECA9C000940BD /* birdMazes2023-08-05.txt */; };
		D64252052A7ECA9C000940BD /* immersedCircleMazes2023-07-25.txt in Resources */ = {isa = PBXBuildFile; fileRef = D64252012A7ECA9C000940BD /* immersedCircleMazes2023-07-25.txt */; };
		D65198A42AFE9F01000DC4E3 /* InformationViewController.swift in Sources */ = {isa = PBXBuildFile; fileRef = D65198A32AFE9F01000DC4E3 /* InformationViewController.swift */; };
		D65198A62AFE9F0E000DC4E3 /* AccountViewController.swift in Sources */ = {isa = PBXBuildFile; fileRef = D65198A52AFE9F0E000DC4E3 /* AccountViewController.swift */; };
		D658E2D62B13B2AD00F54BA2 /* homotopyImmersedCircleMazes2023-11-26.txt in Resources */ = {isa = PBXBuildFile; fileRef = D658E2D52B13B2AD00F54BA2 /* homotopyImmersedCircleMazes2023-11-26.txt */; };
		D658E2D82B13C09700F54BA2 /* circleEmitter.sks in Resources */ = {isa = PBXBuildFile; fileRef = D658E2D72B13C09700F54BA2 /* circleEmitter.sks */; };
		D65938972AFB1AAC00560363 /* MasterViewController.swift in Sources */ = {isa = PBXBuildFile; fileRef = D65938952AFB18D200560363 /* MasterViewController.swift */; };
		D65938982AFB1AAE00560363 /* DetailViewController.swift in Sources */ = {isa = PBXBuildFile; fileRef = D65938962AFB18E400560363 /* DetailViewController.swift */; };
		D65938992AFB1AB200560363 /* ProductCell.swift in Sources */ = {isa = PBXBuildFile; fileRef = D65938942AFB189000560363 /* ProductCell.swift */; };
		D659389A2AFB1AB500560363 /* IAPHelper.swift in Sources */ = {isa = PBXBuildFile; fileRef = D65938932AFB166D00560363 /* IAPHelper.swift */; };
		D659389B2AFB1AB700560363 /* RazeFaceProducts.swift in Sources */ = {isa = PBXBuildFile; fileRef = D65938922AFB164B00560363 /* RazeFaceProducts.swift */; };
		D65B19072CB972AA00705466 /* NumericalODESolvers.swift in Sources */ = {isa = PBXBuildFile; fileRef = D65B19062CB972AA00705466 /* NumericalODESolvers.swift */; };
		D67A7CF92B0187F300FF1671 /* codedescriptor.dmr in Resources */ = {isa = PBXBuildFile; fileRef = D67A7CC02B0187F200FF1671 /* codedescriptor.dmr */; };
		D67A7CFB2B0187F300FF1671 /* rt_nonfinite.c in Sources */ = {isa = PBXBuildFile; fileRef = D67A7CC42B0187F200FF1671 /* rt_nonfinite.c */; };
		D67A7CFC2B0187F300FF1671 /* pcaRed_emxAPI.c in Sources */ = {isa = PBXBuildFile; fileRef = D67A7CC62B0187F200FF1671 /* pcaRed_emxAPI.c */; };
		D67A7CFD2B0187F300FF1671 /* xnrm2.c in Sources */ = {isa = PBXBuildFile; fileRef = D67A7CC82B0187F200FF1671 /* xnrm2.c */; };
		D67A7CFE2B0187F300FF1671 /* compileInfo.mat in Resources */ = {isa = PBXBuildFile; fileRef = D67A7CCA2B0187F200FF1671 /* compileInfo.mat */; };
		D67A7CFF2B0187F300FF1671 /* report.mldatx in Resources */ = {isa = PBXBuildFile; fileRef = D67A7CCD2B0187F200FF1671 /* report.mldatx */; };
		D67A7D002B0187F300FF1671 /* xdotc.c in Sources */ = {isa = PBXBuildFile; fileRef = D67A7CCE2B0187F200FF1671 /* xdotc.c */; };
		D67A7D012B0187F300FF1671 /* codeInfo.mat in Resources */ = {isa = PBXBuildFile; fileRef = D67A7CD02B0187F200FF1671 /* codeInfo.mat */; };
		D67A7D022B0187F300FF1671 /* xaxpy.c in Sources */ = {isa = PBXBuildFile; fileRef = D67A7CD12B0187F200FF1671 /* xaxpy.c */; };
		D67A7D032B0187F300FF1671 /* pcaRed_emxutil.c in Sources */ = {isa = PBXBuildFile; fileRef = D67A7CD32B0187F200FF1671 /* pcaRed_emxutil.c */; };
		D67A7D042B0187F300FF1671 /* gcGuiReport.mat in Resources */ = {isa = PBXBuildFile; fileRef = D67A7CDA2B0187F200FF1671 /* gcGuiReport.mat */; };
		D67A7D052B0187F300FF1671 /* pca.c in Sources */ = {isa = PBXBuildFile; fileRef = D67A7CDB2B0187F200FF1671 /* pca.c */; };
		D67A7D062B0187F300FF1671 /* buildInfo.mat in Resources */ = {isa = PBXBuildFile; fileRef = D67A7CDD2B0187F200FF1671 /* buildInfo.mat */; };
		D67A7D072B0187F300FF1671 /* xrot.c in Sources */ = {isa = PBXBuildFile; fileRef = D67A7CDE2B0187F200FF1671 /* xrot.c */; };
		D67A7D082B0187F300FF1671 /* rtGetInf.c in Sources */ = {isa = PBXBuildFile; fileRef = D67A7CDF2B0187F300FF1671 /* rtGetInf.c */; };
		D67A7D092B0187F300FF1671 /* pcaRed_rtw.mk in Resources */ = {isa = PBXBuildFile; fileRef = D67A7CE12B0187F300FF1671 /* pcaRed_rtw.mk */; };
		D67A7D0A2B0187F300FF1671 /* xrotg.c in Sources */ = {isa = PBXBuildFile; fileRef = D67A7CE32B0187F300FF1671 /* xrotg.c */; };
		D67A7D0B2B0187F300FF1671 /* pcaRed_initialize.c in Sources */ = {isa = PBXBuildFile; fileRef = D67A7CE42B0187F300FF1671 /* pcaRed_initialize.c */; };
		D67A7D0C2B0187F300FF1671 /* pcaRed_terminate.c in Sources */ = {isa = PBXBuildFile; fileRef = D67A7CE52B0187F300FF1671 /* pcaRed_terminate.c */; };
		D67A7D0D2B0187F300FF1671 /* pcaRed.c in Sources */ = {isa = PBXBuildFile; fileRef = D67A7CE72B0187F300FF1671 /* pcaRed.c */; };
		D67A7D0E2B0187F300FF1671 /* rtGetNaN.c in Sources */ = {isa = PBXBuildFile; fileRef = D67A7CE82B0187F300FF1671 /* rtGetNaN.c */; };
		D67A7D0F2B0187F300FF1671 /* _clang-format in Resources */ = {isa = PBXBuildFile; fileRef = D67A7CEA2B0187F300FF1671 /* _clang-format */; };
		D67A7D132B0187F300FF1671 /* rtw_proj.tmw in Resources */ = {isa = PBXBuildFile; fileRef = D67A7CF22B0187F300FF1671 /* rtw_proj.tmw */; };
		D67A7D142B0187F300FF1671 /* xswap.c in Sources */ = {isa = PBXBuildFile; fileRef = D67A7CF52B0187F300FF1671 /* xswap.c */; };
		D67A7D152B0187F300FF1671 /* xzsvdc.c in Sources */ = {isa = PBXBuildFile; fileRef = D67A7CF72B0187F300FF1671 /* xzsvdc.c */; };
		D67A7D1B2B0A628100FF1671 /* ContentViewDashboard.swift in Sources */ = {isa = PBXBuildFile; fileRef = D67A7D1A2B0A628100FF1671 /* ContentViewDashboard.swift */; };
		D67A7D1F2B0AF6F800FF1671 /* ContentViewModes.swift in Sources */ = {isa = PBXBuildFile; fileRef = D67A7D1E2B0AF6F800FF1671 /* ContentViewModes.swift */; };
		D67A7D222B0C169400FF1671 /* InstructionsViewController.swift in Sources */ = {isa = PBXBuildFile; fileRef = D67A7D212B0C169400FF1671 /* InstructionsViewController.swift */; };
		D69FB01C2B015D3400F378DB /* BackgroundViewController.swift in Sources */ = {isa = PBXBuildFile; fileRef = D69FB01B2B015D3400F378DB /* BackgroundViewController.swift */; };
		D6AEC3942D1DC2B6005DC12D /* homotopyImmersedCircleMazes2023-12-14.txt in Resources */ = {isa = PBXBuildFile; fileRef = D6B112F82B2BDB4B00BA1141 /* homotopyImmersedCircleMazes2023-12-14.txt */; };
		D6AEC39B2D1DCB49005DC12D /* inputPendulumSim.xlsx in Resources */ = {isa = PBXBuildFile; fileRef = D6AEC3992D1DCB49005DC12D /* inputPendulumSim.xlsx */; };
		D6AEC39C2D1DCB49005DC12D /* OutputPendulumSim.xls in Resources */ = {isa = PBXBuildFile; fileRef = D6AEC39A2D1DCB49005DC12D /* OutputPendulumSim.xls */; };
		D6AEC39E2D1DCDA7005DC12D /* OutputPendulumSim.csv in Resources */ = {isa = PBXBuildFile; fileRef = D6AEC39D2D1DCDA7005DC12D /* OutputPendulumSim.csv */; };
		D6AEC3AA2D1DE675005DC12D /* pendulum-node2.swift in Sources */ = {isa = PBXBuildFile; fileRef = D6AEC3A82D1DE675005DC12D /* pendulum-node2.swift */; };
		D6AEC3AB2D1DE675005DC12D /* pendulum-simulation2.swift in Sources */ = {isa = PBXBuildFile; fileRef = D6AEC3A92D1DE675005DC12D /* pendulum-simulation2.swift */; };
		D6AEC3AC2D1DE675005DC12D /* game-scene2.swift in Sources */ = {isa = PBXBuildFile; fileRef = D6AEC3A72D1DE675005DC12D /* game-scene2.swift */; };
		D6AEC3B32D1DE8F2005DC12D /* GameSceneBirdsMaze.swift in Sources */ = {isa = PBXBuildFile; fileRef = D6AEC3AD2D1DE8F2005DC12D /* GameSceneBirdsMaze.swift */; };
		D6AEC3B52D1DE8F2005DC12D /* GameViewControllerGravityMaze.swift in Sources */ = {isa = PBXBuildFile; fileRef = D6AEC3B22D1DE8F2005DC12D /* GameViewControllerGravityMaze.swift */; };
		D6AEC3B62D1DE8F2005DC12D /* GameSceneGravityMaze.swift in Sources */ = {isa = PBXBuildFile; fileRef = D6AEC3AF2D1DE8F2005DC12D /* GameSceneGravityMaze.swift */; };
		D6AEC3B72D1DE8F2005DC12D /* GameViewControllerBirdsMaze.swift in Sources */ = {isa = PBXBuildFile; fileRef = D6AEC3B02D1DE8F2005DC12D /* GameViewControllerBirdsMaze.swift */; };
		D6AEC3B82D1DE8F2005DC12D /* GameViewControllerFluidFlowMaze.swift in Sources */ = {isa = PBXBuildFile; fileRef = D6AEC3B12D1DE8F2005DC12D /* GameViewControllerFluidFlowMaze.swift */; };
		D6AEC3BC2D1DF2C9005DC12D /* pendulum-test.swift in Sources */ = {isa = PBXBuildFile; fileRef = D6AEC3BB2D1DF2C9005DC12D /* pendulum-test.swift */; };
		D6AEC3BE2D1DF49B005DC12D /* InputPendulumSim.csv in Resources */ = {isa = PBXBuildFile; fileRef = D6AEC3BD2D1DF49B005DC12D /* InputPendulumSim.csv */; };
		D6B111152B24FC0200BA1141 /* SwipingMethodViewController.swift in Sources */ = {isa = PBXBuildFile; fileRef = D6B111142B24FC0200BA1141 /* SwipingMethodViewController.swift */; };
		D6B1123D2B2A627E00BA1141 /* GameViewControllerMaze.swift in Sources */ = {isa = PBXBuildFile; fileRef = D6B111E72B2A627C00BA1141 /* GameViewControllerMaze.swift */; };
		D6CA3FCC2A70791D00969A39 /* manSolved_immersedCircleMazes2023-07-25.txt in Resources */ = {isa = PBXBuildFile; fileRef = D6CA3FCB2A70791D00969A39 /* manSolved_immersedCircleMazes2023-07-25.txt */; };
		D6CA3FCE2A707FDC00969A39 /* StoreKit.framework in Frameworks */ = {isa = PBXBuildFile; fileRef = D6CA3FCD2A707FDC00969A39 /* StoreKit.framework */; };
		D6EDCF682AF3DD0300F088BE /* immersedCircle.mp4 in Resources */ = {isa = PBXBuildFile; fileRef = D6EDCF672AF3DD0300F088BE /* immersedCircle.mp4 */; };
		D6EDD0022AF566F300F088BE /* DashboardViewController.swift in Sources */ = {isa = PBXBuildFile; fileRef = D6EDD0012AF566F300F088BE /* DashboardViewController.swift */; };
		D6EDD0062AF5852800F088BE /* homotopyImmersedCircleMazes2023-11-02.txt in Resources */ = {isa = PBXBuildFile; fileRef = D6EDD0052AF5852800F088BE /* homotopyImmersedCircleMazes2023-11-02.txt */; };
		D6EDD00D2AF6F7C400F088BE /* mazeDataModel.xcdatamodeld in Sources */ = {isa = PBXBuildFile; fileRef = D6EDD00B2AF6F7C400F088BE /* mazeDataModel.xcdatamodeld */; };
/* End PBXBuildFile section */

/* Begin PBXFileReference section */
		3C333C010F08E07C09D78322 /* Pods-The Maze.release.xcconfig */ = {isa = PBXFileReference; includeInIndex = 1; lastKnownFileType = text.xcconfig; name = "Pods-The Maze.release.xcconfig"; path = "Target Support Files/Pods-The Maze/Pods-The Maze.release.xcconfig"; sourceTree = "<group>"; };
		5C2901821F8F6DE700803663 /* LaunchScreen.storyboard */ = {isa = PBXFileReference; lastKnownFileType = file.storyboard; name = LaunchScreen.storyboard; path = NinjaAttack/LaunchScreen.storyboard; sourceTree = "<group>"; };
		AFD63F862036493600E08C66 /* GameViewControllerMainMaze.swift */ = {isa = PBXFileReference; lastKnownFileType = sourcecode.swift; name = GameViewControllerMainMaze.swift; path = NinjaAttack/GameViewControllerMainMaze.swift; sourceTree = "<group>"; };
		AFD63F882036497100E08C66 /* GameSceneMainMaze.swift */ = {isa = PBXFileReference; lastKnownFileType = sourcecode.swift; name = GameSceneMainMaze.swift; path = NinjaAttack/GameSceneMainMaze.swift; sourceTree = "<group>"; };
		AFD63F8D203649F800E08C66 /* background-music-aac.caf */ = {isa = PBXFileReference; lastKnownFileType = file; path = "background-music-aac.caf"; sourceTree = "<group>"; };
		AFD63F8E203649F800E08C66 /* pew-pew-lei.caf */ = {isa = PBXFileReference; lastKnownFileType = file; path = "pew-pew-lei.caf"; sourceTree = "<group>"; };
		D2A5F2001F4A9144005CD714 /* The Pendulum.app */ = {isa = PBXFileReference; explicitFileType = wrapper.application; includeInIndex = 0; path = "The Pendulum.app"; sourceTree = BUILT_PRODUCTS_DIR; };
		D2A5F2081F4A9144005CD714 /* Base */ = {isa = PBXFileReference; lastKnownFileType = file.storyboard; name = Base; path = Base.lproj/Main.storyboard; sourceTree = "<group>"; };
		D2A5F20A1F4A9144005CD714 /* Assets.xcassets */ = {isa = PBXFileReference; lastKnownFileType = folder.assetcatalog; name = Assets.xcassets; path = NinjaAttack/Assets.xcassets; sourceTree = "<group>"; };
		D2A5F20F1F4A9144005CD714 /* Info.plist */ = {isa = PBXFileReference; lastKnownFileType = text.plist; name = Info.plist; path = NinjaAttack/Info.plist; sourceTree = "<group>"; };
		D2A5F2201F4A96D0005CD714 /* AppDelegate.swift */ = {isa = PBXFileReference; lastKnownFileType = sourcecode.swift; name = AppDelegate.swift; path = NinjaAttack/AppDelegate.swift; sourceTree = "<group>"; };
		D61CCDD529E1E7EA009C0598 /* SceneDelegate.swift */ = {isa = PBXFileReference; lastKnownFileType = sourcecode.swift; path = SceneDelegate.swift; sourceTree = "<group>"; };
		D63B5C1A2B0001DF00302E8A /* immersedCircle.gif */ = {isa = PBXFileReference; lastKnownFileType = image.gif; name = immersedCircle.gif; path = NinjaAttack/Resources/immersedCircle.gif; sourceTree = "<group>"; };
		D63B5C1E2B00232E00302E8A /* The_Maze-Bridging-Header.h */ = {isa = PBXFileReference; lastKnownFileType = sourcecode.c.h; path = "The_Maze-Bridging-Header.h"; sourceTree = "<group>"; };
		D63B5C742B00250900302E8A /* tmwtypes.h */ = {isa = PBXFileReference; fileEncoding = 4; lastKnownFileType = sourcecode.c.h; path = tmwtypes.h; sourceTree = "<group>"; };
		D64251F12A7EA8E7000940BD /* GameSceneFluidFlowMaze.swift */ = {isa = PBXFileReference; fileEncoding = 4; lastKnownFileType = sourcecode.swift; name = GameSceneFluidFlowMaze.swift; path = NinjaAttack/GameSceneFluidFlowMaze.swift; sourceTree = "<group>"; };
		D64251FC2A7EB795000940BD /* ModesViewController.swift */ = {isa = PBXFileReference; lastKnownFileType = sourcecode.swift; name = ModesViewController.swift; path = NinjaAttack/ModesViewController.swift; sourceTree = "<group>"; };
		D64251FE2A7ECA9C000940BD /* fluidMazes2023-08-05.txt */ = {isa = PBXFileReference; fileEncoding = 4; lastKnownFileType = text; name = "fluidMazes2023-08-05.txt"; path = "NinjaAttack/Resources/fluidMazes2023-08-05.txt"; sourceTree = "<group>"; };
		D64251FF2A7ECA9C000940BD /* gravityMazes2023-08-05.txt */ = {isa = PBXFileReference; fileEncoding = 4; lastKnownFileType = text; name = "gravityMazes2023-08-05.txt"; path = "NinjaAttack/Resources/gravityMazes2023-08-05.txt"; sourceTree = "<group>"; };
		D64252002A7ECA9C000940BD /* birdMazes2023-08-05.txt */ = {isa = PBXFileReference; fileEncoding = 4; lastKnownFileType = text; name = "birdMazes2023-08-05.txt"; path = "NinjaAttack/Resources/birdMazes2023-08-05.txt"; sourceTree = "<group>"; };
		D64252012A7ECA9C000940BD /* immersedCircleMazes2023-07-25.txt */ = {isa = PBXFileReference; fileEncoding = 4; lastKnownFileType = text; name = "immersedCircleMazes2023-07-25.txt"; path = "NinjaAttack/Resources/immersedCircleMazes2023-07-25.txt"; sourceTree = "<group>"; };
		D65198A32AFE9F01000DC4E3 /* InformationViewController.swift */ = {isa = PBXFileReference; lastKnownFileType = sourcecode.swift; path = InformationViewController.swift; sourceTree = "<group>"; };
		D65198A52AFE9F0E000DC4E3 /* AccountViewController.swift */ = {isa = PBXFileReference; lastKnownFileType = sourcecode.swift; path = AccountViewController.swift; sourceTree = "<group>"; };
		D658E2D52B13B2AD00F54BA2 /* homotopyImmersedCircleMazes2023-11-26.txt */ = {isa = PBXFileReference; fileEncoding = 4; lastKnownFileType = text; name = "homotopyImmersedCircleMazes2023-11-26.txt"; path = "NinjaAttack/Resources/homotopyImmersedCircleMazes2023-11-26.txt"; sourceTree = "<group>"; };
		D658E2D72B13C09700F54BA2 /* circleEmitter.sks */ = {isa = PBXFileReference; lastKnownFileType = file.sks; path = circleEmitter.sks; sourceTree = "<group>"; };
		D65938922AFB164B00560363 /* RazeFaceProducts.swift */ = {isa = PBXFileReference; lastKnownFileType = sourcecode.swift; path = RazeFaceProducts.swift; sourceTree = "<group>"; };
		D65938932AFB166D00560363 /* IAPHelper.swift */ = {isa = PBXFileReference; lastKnownFileType = sourcecode.swift; path = IAPHelper.swift; sourceTree = "<group>"; };
		D65938942AFB189000560363 /* ProductCell.swift */ = {isa = PBXFileReference; lastKnownFileType = sourcecode.swift; path = ProductCell.swift; sourceTree = "<group>"; };
		D65938952AFB18D200560363 /* MasterViewController.swift */ = {isa = PBXFileReference; lastKnownFileType = sourcecode.swift; path = MasterViewController.swift; sourceTree = "<group>"; };
		D65938962AFB18E400560363 /* DetailViewController.swift */ = {isa = PBXFileReference; lastKnownFileType = sourcecode.swift; path = DetailViewController.swift; sourceTree = "<group>"; };
		D65B19062CB972AA00705466 /* NumericalODESolvers.swift */ = {isa = PBXFileReference; lastKnownFileType = sourcecode.swift; path = NumericalODESolvers.swift; sourceTree = "<group>"; };
		D67A7CC02B0187F200FF1671 /* codedescriptor.dmr */ = {isa = PBXFileReference; lastKnownFileType = file; name = codedescriptor.dmr; path = pcaRedMaze/codedescriptor.dmr; sourceTree = "<group>"; };
		D67A7CC42B0187F200FF1671 /* rt_nonfinite.c */ = {isa = PBXFileReference; fileEncoding = 4; lastKnownFileType = sourcecode.c.c; name = rt_nonfinite.c; path = pcaRedMaze/rt_nonfinite.c; sourceTree = "<group>"; };
		D67A7CC52B0187F200FF1671 /* pcaRed_terminate.h */ = {isa = PBXFileReference; fileEncoding = 4; lastKnownFileType = sourcecode.c.h; name = pcaRed_terminate.h; path = pcaRedMaze/pcaRed_terminate.h; sourceTree = "<group>"; };
		D67A7CC62B0187F200FF1671 /* pcaRed_emxAPI.c */ = {isa = PBXFileReference; fileEncoding = 4; lastKnownFileType = sourcecode.c.c; name = pcaRed_emxAPI.c; path = pcaRedMaze/pcaRed_emxAPI.c; sourceTree = "<group>"; };
		D67A7CC72B0187F200FF1671 /* pca.h */ = {isa = PBXFileReference; fileEncoding = 4; lastKnownFileType = sourcecode.c.h; name = pca.h; path = pcaRedMaze/pca.h; sourceTree = "<group>"; };
		D67A7CC82B0187F200FF1671 /* xnrm2.c */ = {isa = PBXFileReference; fileEncoding = 4; lastKnownFileType = sourcecode.c.c; name = xnrm2.c; path = pcaRedMaze/xnrm2.c; sourceTree = "<group>"; };
		D67A7CC92B0187F200FF1671 /* pcaRed.h */ = {isa = PBXFileReference; fileEncoding = 4; lastKnownFileType = sourcecode.c.h; name = pcaRed.h; path = pcaRedMaze/pcaRed.h; sourceTree = "<group>"; };
		D67A7CCA2B0187F200FF1671 /* compileInfo.mat */ = {isa = PBXFileReference; lastKnownFileType = file; name = compileInfo.mat; path = pcaRedMaze/compileInfo.mat; sourceTree = "<group>"; };
		D67A7CCB2B0187F200FF1671 /* xrotg.h */ = {isa = PBXFileReference; fileEncoding = 4; lastKnownFileType = sourcecode.c.h; name = xrotg.h; path = pcaRedMaze/xrotg.h; sourceTree = "<group>"; };
		D67A7CCD2B0187F200FF1671 /* report.mldatx */ = {isa = PBXFileReference; lastKnownFileType = file; path = report.mldatx; sourceTree = "<group>"; };
		D67A7CCE2B0187F200FF1671 /* xdotc.c */ = {isa = PBXFileReference; fileEncoding = 4; lastKnownFileType = sourcecode.c.c; name = xdotc.c; path = pcaRedMaze/xdotc.c; sourceTree = "<group>"; };
		D67A7CCF2B0187F200FF1671 /* xrot.h */ = {isa = PBXFileReference; fileEncoding = 4; lastKnownFileType = sourcecode.c.h; name = xrot.h; path = pcaRedMaze/xrot.h; sourceTree = "<group>"; };
		D67A7CD02B0187F200FF1671 /* codeInfo.mat */ = {isa = PBXFileReference; lastKnownFileType = file; name = codeInfo.mat; path = pcaRedMaze/codeInfo.mat; sourceTree = "<group>"; };
		D67A7CD12B0187F200FF1671 /* xaxpy.c */ = {isa = PBXFileReference; fileEncoding = 4; lastKnownFileType = sourcecode.c.c; name = xaxpy.c; path = pcaRedMaze/xaxpy.c; sourceTree = "<group>"; };
		D67A7CD22B0187F200FF1671 /* rtGetNaN.h */ = {isa = PBXFileReference; fileEncoding = 4; lastKnownFileType = sourcecode.c.h; name = rtGetNaN.h; path = pcaRedMaze/rtGetNaN.h; sourceTree = "<group>"; };
		D67A7CD32B0187F200FF1671 /* pcaRed_emxutil.c */ = {isa = PBXFileReference; fileEncoding = 4; lastKnownFileType = sourcecode.c.c; name = pcaRed_emxutil.c; path = pcaRedMaze/pcaRed_emxutil.c; sourceTree = "<group>"; };
		D67A7CD42B0187F200FF1671 /* rt_nonfinite.h */ = {isa = PBXFileReference; fileEncoding = 4; lastKnownFileType = sourcecode.c.h; name = rt_nonfinite.h; path = pcaRedMaze/rt_nonfinite.h; sourceTree = "<group>"; };
		D67A7CD52B0187F200FF1671 /* rtGetInf.h */ = {isa = PBXFileReference; fileEncoding = 4; lastKnownFileType = sourcecode.c.h; name = rtGetInf.h; path = pcaRedMaze/rtGetInf.h; sourceTree = "<group>"; };
		D67A7CD62B0187F200FF1671 /* pcaRed_types.h */ = {isa = PBXFileReference; fileEncoding = 4; lastKnownFileType = sourcecode.c.h; name = pcaRed_types.h; path = pcaRedMaze/pcaRed_types.h; sourceTree = "<group>"; };
		D67A7CD72B0187F200FF1671 /* xdotc.h */ = {isa = PBXFileReference; fileEncoding = 4; lastKnownFileType = sourcecode.c.h; name = xdotc.h; path = pcaRedMaze/xdotc.h; sourceTree = "<group>"; };
		D67A7CD82B0187F200FF1671 /* xnrm2.h */ = {isa = PBXFileReference; fileEncoding = 4; lastKnownFileType = sourcecode.c.h; name = xnrm2.h; path = pcaRedMaze/xnrm2.h; sourceTree = "<group>"; };
		D67A7CD92B0187F200FF1671 /* pcaRed_data.h */ = {isa = PBXFileReference; fileEncoding = 4; lastKnownFileType = sourcecode.c.h; name = pcaRed_data.h; path = pcaRedMaze/pcaRed_data.h; sourceTree = "<group>"; };
		D67A7CDA2B0187F200FF1671 /* gcGuiReport.mat */ = {isa = PBXFileReference; lastKnownFileType = file; name = gcGuiReport.mat; path = pcaRedMaze/gcGuiReport.mat; sourceTree = "<group>"; };
		D67A7CDB2B0187F200FF1671 /* pca.c */ = {isa = PBXFileReference; fileEncoding = 4; lastKnownFileType = sourcecode.c.c; name = pca.c; path = pcaRedMaze/pca.c; sourceTree = "<group>"; };
		D67A7CDC2B0187F200FF1671 /* pcaRed_initialize.h */ = {isa = PBXFileReference; fileEncoding = 4; lastKnownFileType = sourcecode.c.h; name = pcaRed_initialize.h; path = pcaRedMaze/pcaRed_initialize.h; sourceTree = "<group>"; };
		D67A7CDD2B0187F200FF1671 /* buildInfo.mat */ = {isa = PBXFileReference; lastKnownFileType = file; name = buildInfo.mat; path = pcaRedMaze/buildInfo.mat; sourceTree = "<group>"; };
		D67A7CDE2B0187F200FF1671 /* xrot.c */ = {isa = PBXFileReference; fileEncoding = 4; lastKnownFileType = sourcecode.c.c; name = xrot.c; path = pcaRedMaze/xrot.c; sourceTree = "<group>"; };
		D67A7CDF2B0187F300FF1671 /* rtGetInf.c */ = {isa = PBXFileReference; fileEncoding = 4; lastKnownFileType = sourcecode.c.c; name = rtGetInf.c; path = pcaRedMaze/rtGetInf.c; sourceTree = "<group>"; };
		D67A7CE02B0187F300FF1671 /* pcaRed_emxutil.h */ = {isa = PBXFileReference; fileEncoding = 4; lastKnownFileType = sourcecode.c.h; name = pcaRed_emxutil.h; path = pcaRedMaze/pcaRed_emxutil.h; sourceTree = "<group>"; };
		D67A7CE12B0187F300FF1671 /* pcaRed_rtw.mk */ = {isa = PBXFileReference; fileEncoding = 4; lastKnownFileType = text; name = pcaRed_rtw.mk; path = pcaRedMaze/pcaRed_rtw.mk; sourceTree = "<group>"; };
		D67A7CE32B0187F300FF1671 /* xrotg.c */ = {isa = PBXFileReference; fileEncoding = 4; lastKnownFileType = sourcecode.c.c; name = xrotg.c; path = pcaRedMaze/xrotg.c; sourceTree = "<group>"; };
		D67A7CE42B0187F300FF1671 /* pcaRed_initialize.c */ = {isa = PBXFileReference; fileEncoding = 4; lastKnownFileType = sourcecode.c.c; name = pcaRed_initialize.c; path = pcaRedMaze/pcaRed_initialize.c; sourceTree = "<group>"; };
		D67A7CE52B0187F300FF1671 /* pcaRed_terminate.c */ = {isa = PBXFileReference; fileEncoding = 4; lastKnownFileType = sourcecode.c.c; name = pcaRed_terminate.c; path = pcaRedMaze/pcaRed_terminate.c; sourceTree = "<group>"; };
		D67A7CE62B0187F300FF1671 /* xzsvdc.h */ = {isa = PBXFileReference; fileEncoding = 4; lastKnownFileType = sourcecode.c.h; name = xzsvdc.h; path = pcaRedMaze/xzsvdc.h; sourceTree = "<group>"; };
		D67A7CE72B0187F300FF1671 /* pcaRed.c */ = {isa = PBXFileReference; fileEncoding = 4; lastKnownFileType = sourcecode.c.c; name = pcaRed.c; path = pcaRedMaze/pcaRed.c; sourceTree = "<group>"; };
		D67A7CE82B0187F300FF1671 /* rtGetNaN.c */ = {isa = PBXFileReference; fileEncoding = 4; lastKnownFileType = sourcecode.c.c; name = rtGetNaN.c; path = pcaRedMaze/rtGetNaN.c; sourceTree = "<group>"; };
		D67A7CEA2B0187F300FF1671 /* _clang-format */ = {isa = PBXFileReference; fileEncoding = 4; lastKnownFileType = text; name = "_clang-format"; path = "pcaRedMaze/_clang-format"; sourceTree = "<group>"; };
		D67A7CF22B0187F300FF1671 /* rtw_proj.tmw */ = {isa = PBXFileReference; fileEncoding = 4; lastKnownFileType = text; name = rtw_proj.tmw; path = pcaRedMaze/rtw_proj.tmw; sourceTree = "<group>"; };
		D67A7CF32B0187F300FF1671 /* rtwtypes.h */ = {isa = PBXFileReference; fileEncoding = 4; lastKnownFileType = sourcecode.c.h; name = rtwtypes.h; path = pcaRedMaze/rtwtypes.h; sourceTree = "<group>"; };
		D67A7CF42B0187F300FF1671 /* xaxpy.h */ = {isa = PBXFileReference; fileEncoding = 4; lastKnownFileType = sourcecode.c.h; name = xaxpy.h; path = pcaRedMaze/xaxpy.h; sourceTree = "<group>"; };
		D67A7CF52B0187F300FF1671 /* xswap.c */ = {isa = PBXFileReference; fileEncoding = 4; lastKnownFileType = sourcecode.c.c; name = xswap.c; path = pcaRedMaze/xswap.c; sourceTree = "<group>"; };
		D67A7CF62B0187F300FF1671 /* xswap.h */ = {isa = PBXFileReference; fileEncoding = 4; lastKnownFileType = sourcecode.c.h; name = xswap.h; path = pcaRedMaze/xswap.h; sourceTree = "<group>"; };
		D67A7CF72B0187F300FF1671 /* xzsvdc.c */ = {isa = PBXFileReference; fileEncoding = 4; lastKnownFileType = sourcecode.c.c; name = xzsvdc.c; path = pcaRedMaze/xzsvdc.c; sourceTree = "<group>"; };
		D67A7CF82B0187F300FF1671 /* pcaRed_emxAPI.h */ = {isa = PBXFileReference; fileEncoding = 4; lastKnownFileType = sourcecode.c.h; name = pcaRed_emxAPI.h; path = pcaRedMaze/pcaRed_emxAPI.h; sourceTree = "<group>"; };
		D67A7D1A2B0A628100FF1671 /* ContentViewDashboard.swift */ = {isa = PBXFileReference; lastKnownFileType = sourcecode.swift; path = ContentViewDashboard.swift; sourceTree = "<group>"; };
		D67A7D1E2B0AF6F800FF1671 /* ContentViewModes.swift */ = {isa = PBXFileReference; lastKnownFileType = sourcecode.swift; path = ContentViewModes.swift; sourceTree = "<group>"; };
		D67A7D212B0C169400FF1671 /* InstructionsViewController.swift */ = {isa = PBXFileReference; lastKnownFileType = sourcecode.swift; path = InstructionsViewController.swift; sourceTree = "<group>"; };
		D67A7D232B0C42F300FF1671 /* homotopyBirdsMazes2023-11-02.txt */ = {isa = PBXFileReference; lastKnownFileType = text; name = "homotopyBirdsMazes2023-11-02.txt"; path = "NinjaAttack/Resources/homotopyBirdsMazes2023-11-02.txt"; sourceTree = "<group>"; };
		D67A7D242B0C42F300FF1671 /* homotopyFluidMazes2023-11-02.txt */ = {isa = PBXFileReference; lastKnownFileType = text; name = "homotopyFluidMazes2023-11-02.txt"; path = "NinjaAttack/Resources/homotopyFluidMazes2023-11-02.txt"; sourceTree = "<group>"; };
		D67A7D252B0C42F300FF1671 /* homotopyGravityMazes2023-11-02.txt */ = {isa = PBXFileReference; lastKnownFileType = text; name = "homotopyGravityMazes2023-11-02.txt"; path = "NinjaAttack/Resources/homotopyGravityMazes2023-11-02.txt"; sourceTree = "<group>"; };
		D69FB01B2B015D3400F378DB /* BackgroundViewController.swift */ = {isa = PBXFileReference; lastKnownFileType = sourcecode.swift; path = BackgroundViewController.swift; sourceTree = "<group>"; };
		D6AEC3992D1DCB49005DC12D /* inputPendulumSim.xlsx */ = {isa = PBXFileReference; lastKnownFileType = file; path = inputPendulumSim.xlsx; sourceTree = "<group>"; };
		D6AEC39A2D1DCB49005DC12D /* OutputPendulumSim.xls */ = {isa = PBXFileReference; lastKnownFileType = file; path = OutputPendulumSim.xls; sourceTree = "<group>"; };
		D6AEC39D2D1DCDA7005DC12D /* OutputPendulumSim.csv */ = {isa = PBXFileReference; lastKnownFileType = text; path = OutputPendulumSim.csv; sourceTree = "<group>"; };
		D6AEC3A72D1DE675005DC12D /* game-scene2.swift */ = {isa = PBXFileReference; lastKnownFileType = sourcecode.swift; path = "game-scene2.swift"; sourceTree = "<group>"; };
		D6AEC3A82D1DE675005DC12D /* pendulum-node2.swift */ = {isa = PBXFileReference; lastKnownFileType = sourcecode.swift; path = "pendulum-node2.swift"; sourceTree = "<group>"; };
		D6AEC3A92D1DE675005DC12D /* pendulum-simulation2.swift */ = {isa = PBXFileReference; lastKnownFileType = sourcecode.swift; path = "pendulum-simulation2.swift"; sourceTree = "<group>"; };
		D6AEC3AD2D1DE8F2005DC12D /* GameSceneBirdsMaze.swift */ = {isa = PBXFileReference; lastKnownFileType = sourcecode.swift; path = GameSceneBirdsMaze.swift; sourceTree = "<group>"; };
		D6AEC3AF2D1DE8F2005DC12D /* GameSceneGravityMaze.swift */ = {isa = PBXFileReference; lastKnownFileType = sourcecode.swift; path = GameSceneGravityMaze.swift; sourceTree = "<group>"; };
		D6AEC3B02D1DE8F2005DC12D /* GameViewControllerBirdsMaze.swift */ = {isa = PBXFileReference; lastKnownFileType = sourcecode.swift; path = GameViewControllerBirdsMaze.swift; sourceTree = "<group>"; };
		D6AEC3B12D1DE8F2005DC12D /* GameViewControllerFluidFlowMaze.swift */ = {isa = PBXFileReference; lastKnownFileType = sourcecode.swift; path = GameViewControllerFluidFlowMaze.swift; sourceTree = "<group>"; };
		D6AEC3B22D1DE8F2005DC12D /* GameViewControllerGravityMaze.swift */ = {isa = PBXFileReference; lastKnownFileType = sourcecode.swift; path = GameViewControllerGravityMaze.swift; sourceTree = "<group>"; };
		D6AEC3BB2D1DF2C9005DC12D /* pendulum-test.swift */ = {isa = PBXFileReference; lastKnownFileType = sourcecode.swift; path = "pendulum-test.swift"; sourceTree = "<group>"; };
		D6AEC3BD2D1DF49B005DC12D /* InputPendulumSim.csv */ = {isa = PBXFileReference; lastKnownFileType = text; path = InputPendulumSim.csv; sourceTree = "<group>"; };
		D6B111142B24FC0200BA1141 /* SwipingMethodViewController.swift */ = {isa = PBXFileReference; lastKnownFileType = sourcecode.swift; path = SwipingMethodViewController.swift; sourceTree = "<group>"; };
		D6B111E72B2A627C00BA1141 /* GameViewControllerMaze.swift */ = {isa = PBXFileReference; fileEncoding = 4; lastKnownFileType = sourcecode.swift; name = GameViewControllerMaze.swift; path = "../The Maze CodeGen/GameViewControllerMaze.swift"; sourceTree = "<group>"; };
		D6B112EA2B2BDB4A00BA1141 /* homotopyFluidMazes2023-12-14.txt */ = {isa = PBXFileReference; fileEncoding = 4; lastKnownFileType = text; name = "homotopyFluidMazes2023-12-14.txt"; path = "../The Maze Maze Files/homotopyFluidMazes2023-12-14.txt"; sourceTree = "<group>"; };
		D6B112F22B2BDB4B00BA1141 /* homotopyGravityMazes2023-12-14.txt */ = {isa = PBXFileReference; fileEncoding = 4; lastKnownFileType = text; name = "homotopyGravityMazes2023-12-14.txt"; path = "../The Maze Maze Files/homotopyGravityMazes2023-12-14.txt"; sourceTree = "<group>"; };
		D6B112F82B2BDB4B00BA1141 /* homotopyImmersedCircleMazes2023-12-14.txt */ = {isa = PBXFileReference; fileEncoding = 4; lastKnownFileType = text; name = "homotopyImmersedCircleMazes2023-12-14.txt"; path = "../The Maze Maze Files/homotopyImmersedCircleMazes2023-12-14.txt"; sourceTree = "<group>"; };
		D6B113102B2BDB4C00BA1141 /* homotopyBirdsMazes2023-12-14.txt */ = {isa = PBXFileReference; fileEncoding = 4; lastKnownFileType = text; name = "homotopyBirdsMazes2023-12-14.txt"; path = "../The Maze Maze Files/homotopyBirdsMazes2023-12-14.txt"; sourceTree = "<group>"; };
		D6B113442B2CC3A000BA1141 /* homotopyAstronomyMazes2023-12-15.txt */ = {isa = PBXFileReference; fileEncoding = 4; lastKnownFileType = text; name = "homotopyAstronomyMazes2023-12-15.txt"; path = "../The Maze Maze Files/homotopyAstronomyMazes2023-12-15.txt"; sourceTree = "<group>"; };
		D6CA3FCB2A70791D00969A39 /* manSolved_immersedCircleMazes2023-07-25.txt */ = {isa = PBXFileReference; fileEncoding = 4; lastKnownFileType = text; name = "manSolved_immersedCircleMazes2023-07-25.txt"; path = "NinjaAttack/Resources/manSolved_immersedCircleMazes2023-07-25.txt"; sourceTree = "<group>"; };
		D6CA3FCD2A707FDC00969A39 /* StoreKit.framework */ = {isa = PBXFileReference; lastKnownFileType = wrapper.framework; name = StoreKit.framework; path = System/Library/Frameworks/StoreKit.framework; sourceTree = SDKROOT; };
		D6CA3FCF2A707FE700969A39 /* The Maze.entitlements */ = {isa = PBXFileReference; lastKnownFileType = text.plist.entitlements; path = "The Maze.entitlements"; sourceTree = "<group>"; };
		D6CE13DD2C544408003F59F5 /* The Maze-Bridging-Header..h */ = {isa = PBXFileReference; lastKnownFileType = sourcecode.c.h; path = "The Maze-Bridging-Header..h"; sourceTree = "<group>"; };
		D6EDCF672AF3DD0300F088BE /* immersedCircle.mp4 */ = {isa = PBXFileReference; lastKnownFileType = file; name = immersedCircle.mp4; path = NinjaAttack/Resources/immersedCircle.mp4; sourceTree = "<group>"; };
		D6EDCF692AF3DD1900F088BE /* immersedCircle.mp4 */ = {isa = PBXFileReference; lastKnownFileType = file; name = immersedCircle.mp4; path = NinjaAttack/Resources/immersedCircle.mp4; sourceTree = "<group>"; };
		D6EDD0012AF566F300F088BE /* DashboardViewController.swift */ = {isa = PBXFileReference; lastKnownFileType = sourcecode.swift; path = DashboardViewController.swift; sourceTree = "<group>"; };
		D6EDD0052AF5852800F088BE /* homotopyImmersedCircleMazes2023-11-02.txt */ = {isa = PBXFileReference; fileEncoding = 4; lastKnownFileType = text; name = "homotopyImmersedCircleMazes2023-11-02.txt"; path = "NinjaAttack/Resources/homotopyImmersedCircleMazes2023-11-02.txt"; sourceTree = "<group>"; };
		D6EDD0072AF5854000F088BE /* homotopyImmersedCircleMazes2023-11-02.txt */ = {isa = PBXFileReference; lastKnownFileType = text; name = "homotopyImmersedCircleMazes2023-11-02.txt"; path = "NinjaAttack/Resources/homotopyImmersedCircleMazes2023-11-02.txt"; sourceTree = "<group>"; };
		D6EDD00C2AF6F7C400F088BE /* mazeDataModel.xcdatamodel */ = {isa = PBXFileReference; lastKnownFileType = wrapper.xcdatamodel; path = mazeDataModel.xcdatamodel; sourceTree = "<group>"; };
		F659D61E71195BD0132C1FD0 /* Pods_The_Maze.framework */ = {isa = PBXFileReference; explicitFileType = wrapper.framework; includeInIndex = 0; path = Pods_The_Maze.framework; sourceTree = BUILT_PRODUCTS_DIR; };
		FE6A10A0247D5527047342F6 /* Pods-The Maze.debug.xcconfig */ = {isa = PBXFileReference; includeInIndex = 1; lastKnownFileType = text.xcconfig; name = "Pods-The Maze.debug.xcconfig"; path = "Target Support Files/Pods-The Maze/Pods-The Maze.debug.xcconfig"; sourceTree = "<group>"; };
/* End PBXFileReference section */

/* Begin PBXFrameworksBuildPhase section */
		D2A5F1FD1F4A9144005CD714 /* Frameworks */ = {
			isa = PBXFrameworksBuildPhase;
			buildActionMask = 2147483647;
			files = (
				D6CA3FCE2A707FDC00969A39 /* StoreKit.framework in Frameworks */,
			);
			runOnlyForDeploymentPostprocessing = 0;
		};
/* End PBXFrameworksBuildPhase section */

/* Begin PBXGroup section */
		983B764073DA453994168D0A /* Pods */ = {
			isa = PBXGroup;
			children = (
				FE6A10A0247D5527047342F6 /* Pods-The Maze.debug.xcconfig */,
				3C333C010F08E07C09D78322 /* Pods-The Maze.release.xcconfig */,
			);
			path = Pods;
			sourceTree = "<group>";
		};
		AFD63F8C203649F800E08C66 /* Sounds */ = {
			isa = PBXGroup;
			children = (
				AFD63F8D203649F800E08C66 /* background-music-aac.caf */,
				AFD63F8E203649F800E08C66 /* pew-pew-lei.caf */,
			);
			name = Sounds;
			path = NinjaAttack/Sounds;
			sourceTree = "<group>";
		};
		D2A5F1F71F4A9143005CD714 = {
			isa = PBXGroup;
			children = (
				D6CE13DD2C544408003F59F5 /* The Maze-Bridging-Header..h */,
				D67A7D232B0C42F300FF1671 /* homotopyBirdsMazes2023-11-02.txt */,
				D67A7D242B0C42F300FF1671 /* homotopyFluidMazes2023-11-02.txt */,
				D67A7D252B0C42F300FF1671 /* homotopyGravityMazes2023-11-02.txt */,
				D67A7CEA2B0187F300FF1671 /* _clang-format */,
				D67A7CDD2B0187F200FF1671 /* buildInfo.mat */,
				D67A7CC02B0187F200FF1671 /* codedescriptor.dmr */,
				D67A7CD02B0187F200FF1671 /* codeInfo.mat */,
				D67A7CCA2B0187F200FF1671 /* compileInfo.mat */,
				D67A7CDA2B0187F200FF1671 /* gcGuiReport.mat */,
				D67A7CCC2B0187F200FF1671 /* html */,
				D67A7CDB2B0187F200FF1671 /* pca.c */,
				D67A7CC72B0187F200FF1671 /* pca.h */,
				D67A7CD92B0187F200FF1671 /* pcaRed_data.h */,
				D67A7CC62B0187F200FF1671 /* pcaRed_emxAPI.c */,
				D67A7CF82B0187F300FF1671 /* pcaRed_emxAPI.h */,
				D67A7CD32B0187F200FF1671 /* pcaRed_emxutil.c */,
				D67A7CE02B0187F300FF1671 /* pcaRed_emxutil.h */,
				D67A7CE42B0187F300FF1671 /* pcaRed_initialize.c */,
				D67A7CDC2B0187F200FF1671 /* pcaRed_initialize.h */,
				D67A7CE12B0187F300FF1671 /* pcaRed_rtw.mk */,
				D67A7CE52B0187F300FF1671 /* pcaRed_terminate.c */,
				D67A7CC52B0187F200FF1671 /* pcaRed_terminate.h */,
				D67A7CD62B0187F200FF1671 /* pcaRed_types.h */,
				D67A7CE72B0187F300FF1671 /* pcaRed.c */,
				D67A7CC92B0187F200FF1671 /* pcaRed.h */,
				D67A7CC42B0187F200FF1671 /* rt_nonfinite.c */,
				D67A7CD42B0187F200FF1671 /* rt_nonfinite.h */,
				D67A7CDF2B0187F300FF1671 /* rtGetInf.c */,
				D67A7CD52B0187F200FF1671 /* rtGetInf.h */,
				D67A7CE82B0187F300FF1671 /* rtGetNaN.c */,
				D67A7CD22B0187F200FF1671 /* rtGetNaN.h */,
				D67A7CF22B0187F300FF1671 /* rtw_proj.tmw */,
				D67A7CF32B0187F300FF1671 /* rtwtypes.h */,
				D67A7CD12B0187F200FF1671 /* xaxpy.c */,
				D67A7CF42B0187F300FF1671 /* xaxpy.h */,
				D67A7CCE2B0187F200FF1671 /* xdotc.c */,
				D67A7CD72B0187F200FF1671 /* xdotc.h */,
				D67A7CC82B0187F200FF1671 /* xnrm2.c */,
				D67A7CD82B0187F200FF1671 /* xnrm2.h */,
				D67A7CDE2B0187F200FF1671 /* xrot.c */,
				D67A7CCF2B0187F200FF1671 /* xrot.h */,
				D67A7CE32B0187F300FF1671 /* xrotg.c */,
				D67A7CCB2B0187F200FF1671 /* xrotg.h */,
				D67A7CF52B0187F300FF1671 /* xswap.c */,
				D67A7CF62B0187F300FF1671 /* xswap.h */,
				D67A7CF72B0187F300FF1671 /* xzsvdc.c */,
				D67A7CE62B0187F300FF1671 /* xzsvdc.h */,
				D63B5C742B00250900302E8A /* tmwtypes.h */,
				D63B5C1A2B0001DF00302E8A /* immersedCircle.gif */,
				D6EDD0072AF5854000F088BE /* homotopyImmersedCircleMazes2023-11-02.txt */,
				D6EDCF692AF3DD1900F088BE /* immersedCircle.mp4 */,
				D2A5F2021F4A9144005CD714 /* The Maze */,
				D2A5F2011F4A9144005CD714 /* Products */,
				F25B42AF0ED74FE4B55CFEA7 /* Frameworks */,
				983B764073DA453994168D0A /* Pods */,
			);
			indentWidth = 2;
			sourceTree = "<group>";
			tabWidth = 2;
		};
		D2A5F2011F4A9144005CD714 /* Products */ = {
			isa = PBXGroup;
			children = (
				D2A5F2001F4A9144005CD714 /* The Pendulum.app */,
			);
			name = Products;
			path = NinjaAttack;
			sourceTree = "<group>";
		};
		D2A5F2021F4A9144005CD714 /* The Maze */ = {
			isa = PBXGroup;
			children = (
				D6AEC3BB2D1DF2C9005DC12D /* pendulum-test.swift */,
				D6AEC3AD2D1DE8F2005DC12D /* GameSceneBirdsMaze.swift */,
				D6AEC3AF2D1DE8F2005DC12D /* GameSceneGravityMaze.swift */,
				D6AEC3BD2D1DF49B005DC12D /* InputPendulumSim.csv */,
				D6AEC3B02D1DE8F2005DC12D /* GameViewControllerBirdsMaze.swift */,
				D6AEC3B12D1DE8F2005DC12D /* GameViewControllerFluidFlowMaze.swift */,
				D6AEC3B22D1DE8F2005DC12D /* GameViewControllerGravityMaze.swift */,
				D6AEC3A72D1DE675005DC12D /* game-scene2.swift */,
				D6AEC3A82D1DE675005DC12D /* pendulum-node2.swift */,
				D6AEC3A92D1DE675005DC12D /* pendulum-simulation2.swift */,
				D6AEC39D2D1DCDA7005DC12D /* OutputPendulumSim.csv */,
				D6AEC3992D1DCB49005DC12D /* inputPendulumSim.xlsx */,
				D6AEC39A2D1DCB49005DC12D /* OutputPendulumSim.xls */,
				D6CA3FCF2A707FE700969A39 /* The Maze.entitlements */,
				AFD63F8C203649F800E08C66 /* Sounds */,
				D2A5F2201F4A96D0005CD714 /* AppDelegate.swift */,
				D65938952AFB18D200560363 /* MasterViewController.swift */,
				D65938932AFB166D00560363 /* IAPHelper.swift */,
				D65938922AFB164B00560363 /* RazeFaceProducts.swift */,
				D65938942AFB189000560363 /* ProductCell.swift */,
				D65938962AFB18E400560363 /* DetailViewController.swift */,
				D64252012A7ECA9C000940BD /* immersedCircleMazes2023-07-25.txt */,
				D65B19062CB972AA00705466 /* NumericalODESolvers.swift */,
				D64251FE2A7ECA9C000940BD /* fluidMazes2023-08-05.txt */,
				D64251FF2A7ECA9C000940BD /* gravityMazes2023-08-05.txt */,
				D64252002A7ECA9C000940BD /* birdMazes2023-08-05.txt */,
				D6CA3FCB2A70791D00969A39 /* manSolved_immersedCircleMazes2023-07-25.txt */,
				D2A5F2071F4A9144005CD714 /* Main.storyboard */,
				D6EDD0012AF566F300F088BE /* DashboardViewController.swift */,
				D67A7D1A2B0A628100FF1671 /* ContentViewDashboard.swift */,
				D67A7D1E2B0AF6F800FF1671 /* ContentViewModes.swift */,
				D65198A32AFE9F01000DC4E3 /* InformationViewController.swift */,
				D69FB01B2B015D3400F378DB /* BackgroundViewController.swift */,
				D6B111142B24FC0200BA1141 /* SwipingMethodViewController.swift */,
				D65198A52AFE9F0E000DC4E3 /* AccountViewController.swift */,
				D2A5F20A1F4A9144005CD714 /* Assets.xcassets */,
				D6B113442B2CC3A000BA1141 /* homotopyAstronomyMazes2023-12-15.txt */,
				5C2901821F8F6DE700803663 /* LaunchScreen.storyboard */,
				D2A5F20F1F4A9144005CD714 /* Info.plist */,
				AFD63F882036497100E08C66 /* GameSceneMainMaze.swift */,
				D6B111E72B2A627C00BA1141 /* GameViewControllerMaze.swift */,
				D658E2D72B13C09700F54BA2 /* circleEmitter.sks */,
				D658E2D52B13B2AD00F54BA2 /* homotopyImmersedCircleMazes2023-11-26.txt */,
				D67A7D212B0C169400FF1671 /* InstructionsViewController.swift */,
				D63B5C1E2B00232E00302E8A /* The_Maze-Bridging-Header.h */,
				D6EDD00B2AF6F7C400F088BE /* mazeDataModel.xcdatamodeld */,
				D6EDD0052AF5852800F088BE /* homotopyImmersedCircleMazes2023-11-02.txt */,
				D6EDCF672AF3DD0300F088BE /* immersedCircle.mp4 */,
				D64251F12A7EA8E7000940BD /* GameSceneFluidFlowMaze.swift */,
				AFD63F862036493600E08C66 /* GameViewControllerMainMaze.swift */,
				D64251FC2A7EB795000940BD /* ModesViewController.swift */,
				D6B113102B2BDB4C00BA1141 /* homotopyBirdsMazes2023-12-14.txt */,
				D6B112EA2B2BDB4A00BA1141 /* homotopyFluidMazes2023-12-14.txt */,
				D6B112F22B2BDB4B00BA1141 /* homotopyGravityMazes2023-12-14.txt */,
				D6B112F82B2BDB4B00BA1141 /* homotopyImmersedCircleMazes2023-12-14.txt */,
				D61CCDD529E1E7EA009C0598 /* SceneDelegate.swift */,
			);
			name = "The Maze";
			sourceTree = "<group>";
		};
		D67A7CCC2B0187F200FF1671 /* html */ = {
			isa = PBXGroup;
			children = (
				D67A7CCD2B0187F200FF1671 /* report.mldatx */,
			);
			name = html;
			path = pcaRedMaze/html;
			sourceTree = "<group>";
		};
		F25B42AF0ED74FE4B55CFEA7 /* Frameworks */ = {
			isa = PBXGroup;
			children = (
				D6CA3FCD2A707FDC00969A39 /* StoreKit.framework */,
				F659D61E71195BD0132C1FD0 /* Pods_The_Maze.framework */,
			);
			name = Frameworks;
			sourceTree = "<group>";
		};
/* End PBXGroup section */

/* Begin PBXNativeTarget section */
		D2A5F1FF1F4A9144005CD714 /* The Pendulum */ = {
			isa = PBXNativeTarget;
			buildConfigurationList = D2A5F2121F4A9144005CD714 /* Build configuration list for PBXNativeTarget "The Pendulum" */;
			buildPhases = (
				D2A5F1FC1F4A9144005CD714 /* Sources */,
				D2A5F1FD1F4A9144005CD714 /* Frameworks */,
				D2A5F1FE1F4A9144005CD714 /* Resources */,
			);
			buildRules = (
			);
			dependencies = (
			);
			name = "The Pendulum";
			productName = MyRWTutorial;
			productReference = D2A5F2001F4A9144005CD714 /* The Pendulum.app */;
			productType = "com.apple.product-type.application";
		};
/* End PBXNativeTarget section */

/* Begin PBXProject section */
		D2A5F1F81F4A9143005CD714 /* Project object */ = {
			isa = PBXProject;
			attributes = {
				LastSwiftUpdateCheck = 0900;
				LastUpgradeCheck = 1420;
				ORGANIZATIONNAME = "Golden Enterprises";
				TargetAttributes = {
					D2A5F1FF1F4A9144005CD714 = {
						CreatedOnToolsVersion = 9.0;
						LastSwiftMigration = 0900;
					};
				};
			};
			buildConfigurationList = D2A5F1FB1F4A9143005CD714 /* Build configuration list for PBXProject "The Pendulum" */;
			compatibilityVersion = "Xcode 12.0";
			developmentRegion = en;
			hasScannedForEncodings = 0;
			knownRegions = (
				en,
				Base,
			);
			mainGroup = D2A5F1F71F4A9143005CD714;
			productRefGroup = D2A5F2011F4A9144005CD714 /* Products */;
			projectDirPath = "";
			projectRoot = "";
			targets = (
				D2A5F1FF1F4A9144005CD714 /* The Pendulum */,
			);
		};
/* End PBXProject section */

/* Begin PBXResourcesBuildPhase section */
		D2A5F1FE1F4A9144005CD714 /* Resources */ = {
			isa = PBXResourcesBuildPhase;
			buildActionMask = 2147483647;
			files = (
				D6AEC3942D1DC2B6005DC12D /* homotopyImmersedCircleMazes2023-12-14.txt in Resources */,
				D6AEC39B2D1DCB49005DC12D /* inputPendulumSim.xlsx in Resources */,
				D6AEC39C2D1DCB49005DC12D /* OutputPendulumSim.xls in Resources */,
				D63B5C1B2B0001DF00302E8A /* immersedCircle.gif in Resources */,
				D67A7CF92B0187F300FF1671 /* codedescriptor.dmr in Resources */,
				D67A7CFF2B0187F300FF1671 /* report.mldatx in Resources */,
				D6EDD0062AF5852800F088BE /* homotopyImmersedCircleMazes2023-11-02.txt in Resources */,
				D6EDCF682AF3DD0300F088BE /* immersedCircle.mp4 in Resources */,
				D67A7D012B0187F300FF1671 /* codeInfo.mat in Resources */,
				D67A7CFE2B0187F300FF1671 /* compileInfo.mat in Resources */,
				D67A7D0F2B0187F300FF1671 /* _clang-format in Resources */,
				D64252022A7ECA9C000940BD /* fluidMazes2023-08-05.txt in Resources */,
				D67A7D042B0187F300FF1671 /* gcGuiReport.mat in Resources */,
				D658E2D62B13B2AD00F54BA2 /* homotopyImmersedCircleMazes2023-11-26.txt in Resources */,
				D67A7D062B0187F300FF1671 /* buildInfo.mat in Resources */,
				D6AEC39E2D1DCDA7005DC12D /* OutputPendulumSim.csv in Resources */,
				D6CA3FCC2A70791D00969A39 /* manSolved_immersedCircleMazes2023-07-25.txt in Resources */,
				AFD63F8F203649F800E08C66 /* background-music-aac.caf in Resources */,
				D2A5F20B1F4A9144005CD714 /* Assets.xcassets in Resources */,
				D64252042A7ECA9C000940BD /* birdMazes2023-08-05.txt in Resources */,
				D67A7D132B0187F300FF1671 /* rtw_proj.tmw in Resources */,
				D67A7D092B0187F300FF1671 /* pcaRed_rtw.mk in Resources */,
				5C2901831F8F6DE700803663 /* LaunchScreen.storyboard in Resources */,
				D6AEC3BE2D1DF49B005DC12D /* InputPendulumSim.csv in Resources */,
				AFD63F90203649F800E08C66 /* pew-pew-lei.caf in Resources */,
				D658E2D82B13C09700F54BA2 /* circleEmitter.sks in Resources */,
				D64252032A7ECA9C000940BD /* gravityMazes2023-08-05.txt in Resources */,
				D64252052A7ECA9C000940BD /* immersedCircleMazes2023-07-25.txt in Resources */,
				D2A5F2091F4A9144005CD714 /* Main.storyboard in Resources */,
			);
			runOnlyForDeploymentPostprocessing = 0;
		};
/* End PBXResourcesBuildPhase section */

/* Begin PBXSourcesBuildPhase section */
		D2A5F1FC1F4A9144005CD714 /* Sources */ = {
			isa = PBXSourcesBuildPhase;
			buildActionMask = 2147483647;
			files = (
				D6B111152B24FC0200BA1141 /* SwipingMethodViewController.swift in Sources */,
				D65B19072CB972AA00705466 /* NumericalODESolvers.swift in Sources */,
				D67A7D0D2B0187F300FF1671 /* pcaRed.c in Sources */,
				D67A7D0A2B0187F300FF1671 /* xrotg.c in Sources */,
				D67A7D0C2B0187F300FF1671 /* pcaRed_terminate.c in Sources */,
				D659389B2AFB1AB700560363 /* RazeFaceProducts.swift in Sources */,
				D65198A62AFE9F0E000DC4E3 /* AccountViewController.swift in Sources */,
				AFD63F892036497100E08C66 /* GameSceneMainMaze.swift in Sources */,
				D67A7D1F2B0AF6F800FF1671 /* ContentViewModes.swift in Sources */,
				AFD63F872036493600E08C66 /* GameViewControllerMainMaze.swift in Sources */,
				D67A7D1B2B0A628100FF1671 /* ContentViewDashboard.swift in Sources */,
				D67A7CFC2B0187F300FF1671 /* pcaRed_emxAPI.c in Sources */,
				D2A5F2211F4A96D0005CD714 /* AppDelegate.swift in Sources */,
				D659389A2AFB1AB500560363 /* IAPHelper.swift in Sources */,
				D67A7D072B0187F300FF1671 /* xrot.c in Sources */,
				D69FB01C2B015D3400F378DB /* BackgroundViewController.swift in Sources */,
				D6AEC3BC2D1DF2C9005DC12D /* pendulum-test.swift in Sources */,
				D67A7D022B0187F300FF1671 /* xaxpy.c in Sources */,
				D64251FD2A7EB795000940BD /* ModesViewController.swift in Sources */,
				D67A7D0E2B0187F300FF1671 /* rtGetNaN.c in Sources */,
				D6AEC3AA2D1DE675005DC12D /* pendulum-node2.swift in Sources */,
				D6AEC3AB2D1DE675005DC12D /* pendulum-simulation2.swift in Sources */,
				D6AEC3AC2D1DE675005DC12D /* game-scene2.swift in Sources */,
				D65938972AFB1AAC00560363 /* MasterViewController.swift in Sources */,
				D6B1123D2B2A627E00BA1141 /* GameViewControllerMaze.swift in Sources */,
				D6AEC3B32D1DE8F2005DC12D /* GameSceneBirdsMaze.swift in Sources */,
				D6AEC3B52D1DE8F2005DC12D /* GameViewControllerGravityMaze.swift in Sources */,
				D6AEC3B62D1DE8F2005DC12D /* GameSceneGravityMaze.swift in Sources */,
				D6AEC3B72D1DE8F2005DC12D /* GameViewControllerBirdsMaze.swift in Sources */,
				D6AEC3B82D1DE8F2005DC12D /* GameViewControllerFluidFlowMaze.swift in Sources */,
				D67A7D032B0187F300FF1671 /* pcaRed_emxutil.c in Sources */,
				D65938982AFB1AAE00560363 /* DetailViewController.swift in Sources */,
				D67A7D152B0187F300FF1671 /* xzsvdc.c in Sources */,
				D61CCDD629E1E7EA009C0598 /* SceneDelegate.swift in Sources */,
				D67A7CFD2B0187F300FF1671 /* xnrm2.c in Sources */,
				D67A7CFB2B0187F300FF1671 /* rt_nonfinite.c in Sources */,
				D67A7D0B2B0187F300FF1671 /* pcaRed_initialize.c in Sources */,
				D67A7D222B0C169400FF1671 /* InstructionsViewController.swift in Sources */,
				D6EDD00D2AF6F7C400F088BE /* mazeDataModel.xcdatamodeld in Sources */,
				D65938992AFB1AB200560363 /* ProductCell.swift in Sources */,
				D64251F72A7EA8E7000940BD /* GameSceneFluidFlowMaze.swift in Sources */,
				D67A7D052B0187F300FF1671 /* pca.c in Sources */,
				D6EDD0022AF566F300F088BE /* DashboardViewController.swift in Sources */,
				D67A7D142B0187F300FF1671 /* xswap.c in Sources */,
				D67A7D002B0187F300FF1671 /* xdotc.c in Sources */,
				D67A7D082B0187F300FF1671 /* rtGetInf.c in Sources */,
				D65198A42AFE9F01000DC4E3 /* InformationViewController.swift in Sources */,
			);
			runOnlyForDeploymentPostprocessing = 0;
		};
/* End PBXSourcesBuildPhase section */

/* Begin PBXVariantGroup section */
		D2A5F2071F4A9144005CD714 /* Main.storyboard */ = {
			isa = PBXVariantGroup;
			children = (
				D2A5F2081F4A9144005CD714 /* Base */,
			);
			name = Main.storyboard;
			path = NinjaAttack;
			sourceTree = "<group>";
		};
/* End PBXVariantGroup section */

/* Begin XCBuildConfiguration section */
		D2A5F2101F4A9144005CD714 /* Debug */ = {
			isa = XCBuildConfiguration;
			buildSettings = {
				ALWAYS_SEARCH_USER_PATHS = NO;
				CLANG_ANALYZER_NONNULL = YES;
				CLANG_ANALYZER_NUMBER_OBJECT_CONVERSION = YES_AGGRESSIVE;
				CLANG_CXX_LANGUAGE_STANDARD = "gnu++14";
				CLANG_CXX_LIBRARY = "libc++";
				CLANG_ENABLE_MODULES = YES;
				CLANG_ENABLE_OBJC_ARC = YES;
				CLANG_WARN_BLOCK_CAPTURE_AUTORELEASING = YES;
				CLANG_WARN_BOOL_CONVERSION = YES;
				CLANG_WARN_COMMA = YES;
				CLANG_WARN_CONSTANT_CONVERSION = YES;
				CLANG_WARN_DEPRECATED_OBJC_IMPLEMENTATIONS = YES;
				CLANG_WARN_DIRECT_OBJC_ISA_USAGE = YES_ERROR;
				CLANG_WARN_DOCUMENTATION_COMMENTS = YES;
				CLANG_WARN_EMPTY_BODY = YES;
				CLANG_WARN_ENUM_CONVERSION = YES;
				CLANG_WARN_INFINITE_RECURSION = YES;
				CLANG_WARN_INT_CONVERSION = YES;
				CLANG_WARN_NON_LITERAL_NULL_CONVERSION = YES;
				CLANG_WARN_OBJC_IMPLICIT_RETAIN_SELF = YES;
				CLANG_WARN_OBJC_LITERAL_CONVERSION = YES;
				CLANG_WARN_OBJC_ROOT_CLASS = YES_ERROR;
				CLANG_WARN_QUOTED_INCLUDE_IN_FRAMEWORK_HEADER = YES;
				CLANG_WARN_RANGE_LOOP_ANALYSIS = YES;
				CLANG_WARN_STRICT_PROTOTYPES = YES;
				CLANG_WARN_SUSPICIOUS_MOVE = YES;
				CLANG_WARN_UNGUARDED_AVAILABILITY = YES_AGGRESSIVE;
				CLANG_WARN_UNREACHABLE_CODE = YES;
				CLANG_WARN__DUPLICATE_METHOD_MATCH = YES;
				CODE_SIGN_IDENTITY = "iPhone Developer";
				COPY_PHASE_STRIP = NO;
				DEBUG_INFORMATION_FORMAT = dwarf;
				ENABLE_STRICT_OBJC_MSGSEND = YES;
				ENABLE_TESTABILITY = YES;
				GCC_C_LANGUAGE_STANDARD = gnu11;
				GCC_DYNAMIC_NO_PIC = NO;
				GCC_NO_COMMON_BLOCKS = YES;
				GCC_OPTIMIZATION_LEVEL = 0;
				GCC_PREPROCESSOR_DEFINITIONS = (
					"DEBUG=1",
					"$(inherited)",
				);
				GCC_WARN_64_TO_32_BIT_CONVERSION = YES;
				GCC_WARN_ABOUT_RETURN_TYPE = YES_ERROR;
				GCC_WARN_UNDECLARED_SELECTOR = YES;
				GCC_WARN_UNINITIALIZED_AUTOS = YES_AGGRESSIVE;
				GCC_WARN_UNUSED_FUNCTION = YES;
				GCC_WARN_UNUSED_VARIABLE = YES;
				IPHONEOS_DEPLOYMENT_TARGET = 13.0;
				MTL_ENABLE_DEBUG_INFO = YES;
				ONLY_ACTIVE_ARCH = YES;
				SDKROOT = iphoneos;
				SWIFT_ACTIVE_COMPILATION_CONDITIONS = DEBUG;
				SWIFT_OPTIMIZATION_LEVEL = "-Onone";
			};
			name = Debug;
		};
		D2A5F2111F4A9144005CD714 /* Release */ = {
			isa = XCBuildConfiguration;
			buildSettings = {
				ALWAYS_SEARCH_USER_PATHS = NO;
				CLANG_ANALYZER_NONNULL = YES;
				CLANG_ANALYZER_NUMBER_OBJECT_CONVERSION = YES_AGGRESSIVE;
				CLANG_CXX_LANGUAGE_STANDARD = "gnu++14";
				CLANG_CXX_LIBRARY = "libc++";
				CLANG_ENABLE_MODULES = YES;
				CLANG_ENABLE_OBJC_ARC = YES;
				CLANG_WARN_BLOCK_CAPTURE_AUTORELEASING = YES;
				CLANG_WARN_BOOL_CONVERSION = YES;
				CLANG_WARN_COMMA = YES;
				CLANG_WARN_CONSTANT_CONVERSION = YES;
				CLANG_WARN_DEPRECATED_OBJC_IMPLEMENTATIONS = YES;
				CLANG_WARN_DIRECT_OBJC_ISA_USAGE = YES_ERROR;
				CLANG_WARN_DOCUMENTATION_COMMENTS = YES;
				CLANG_WARN_EMPTY_BODY = YES;
				CLANG_WARN_ENUM_CONVERSION = YES;
				CLANG_WARN_INFINITE_RECURSION = YES;
				CLANG_WARN_INT_CONVERSION = YES;
				CLANG_WARN_NON_LITERAL_NULL_CONVERSION = YES;
				CLANG_WARN_OBJC_IMPLICIT_RETAIN_SELF = YES;
				CLANG_WARN_OBJC_LITERAL_CONVERSION = YES;
				CLANG_WARN_OBJC_ROOT_CLASS = YES_ERROR;
				CLANG_WARN_QUOTED_INCLUDE_IN_FRAMEWORK_HEADER = YES;
				CLANG_WARN_RANGE_LOOP_ANALYSIS = YES;
				CLANG_WARN_STRICT_PROTOTYPES = YES;
				CLANG_WARN_SUSPICIOUS_MOVE = YES;
				CLANG_WARN_UNGUARDED_AVAILABILITY = YES_AGGRESSIVE;
				CLANG_WARN_UNREACHABLE_CODE = YES;
				CLANG_WARN__DUPLICATE_METHOD_MATCH = YES;
				CODE_SIGN_IDENTITY = "iPhone Developer";
				COPY_PHASE_STRIP = NO;
				DEBUG_INFORMATION_FORMAT = "dwarf-with-dsym";
				ENABLE_NS_ASSERTIONS = NO;
				ENABLE_STRICT_OBJC_MSGSEND = YES;
				GCC_C_LANGUAGE_STANDARD = gnu11;
				GCC_NO_COMMON_BLOCKS = YES;
				GCC_WARN_64_TO_32_BIT_CONVERSION = YES;
				GCC_WARN_ABOUT_RETURN_TYPE = YES_ERROR;
				GCC_WARN_UNDECLARED_SELECTOR = YES;
				GCC_WARN_UNINITIALIZED_AUTOS = YES_AGGRESSIVE;
				GCC_WARN_UNUSED_FUNCTION = YES;
				GCC_WARN_UNUSED_VARIABLE = YES;
				IPHONEOS_DEPLOYMENT_TARGET = 13.0;
				MTL_ENABLE_DEBUG_INFO = NO;
				SDKROOT = iphoneos;
				SWIFT_COMPILATION_MODE = wholemodule;
				SWIFT_OPTIMIZATION_LEVEL = "-O";
				VALIDATE_PRODUCT = YES;
			};
			name = Release;
		};
		D2A5F2131F4A9144005CD714 /* Debug */ = {
			isa = XCBuildConfiguration;
			buildSettings = {
				ASSETCATALOG_COMPILER_APPICON_NAME = AppIcon;
				ASSETCATALOG_COMPILER_INCLUDE_ALL_APPICON_ASSETS = YES;
				CLANG_ENABLE_MODULES = YES;
				CODE_SIGN_ENTITLEMENTS = "The Maze.entitlements";
				CODE_SIGN_IDENTITY = "Apple Development";
				CODE_SIGN_STYLE = Automatic;
				CURRENT_PROJECT_VERSION = 4;
				DEVELOPMENT_TEAM = 45VKNM5222;
				FRAMEWORK_SEARCH_PATHS = "$(inherited)";
				INFOPLIST_FILE = "$(SRCROOT)/NinjaAttack/Info.plist";
				INFOPLIST_KEY_LSApplicationCategoryType = "public.app-category.puzzle-games";
				IPHONEOS_DEPLOYMENT_TARGET = 13.0;
				LD_RUNPATH_SEARCH_PATHS = (
					"$(inherited)",
					"@executable_path/Frameworks",
				);
				MARKETING_VERSION = 1.2;
				OTHER_LDFLAGS = (
					"$(inherited)",
					"-ObjC",
					"-l\"sqlite3.0\"",
					"-l\"z\"",
					"-framework",
					"\"AdSupport\"",
					"-framework",
					"\"Security\"",
					"-framework",
					"\"StoreKit\"",
					"-framework",
					"\"SystemConfiguration\"",
					"-framework",
					"\"WebKit\"",
					"-weak_framework",
					"\"AdServices\"",
				);
				PRODUCT_BUNDLE_IDENTIFIER = app.goldenenterprises.ThePendulum;
				PRODUCT_NAME = "$(TARGET_NAME)";
				PROVISIONING_PROFILE_SPECIFIER = "";
				SUPPORTED_PLATFORMS = "iphoneos iphonesimulator";
				SUPPORTS_MACCATALYST = NO;
				SUPPORTS_MAC_DESIGNED_FOR_IPHONE_IPAD = YES;
				SWIFT_OBJC_BRIDGING_HEADER = "The_Maze-Bridging-Header.h";
				SWIFT_OPTIMIZATION_LEVEL = "-Onone";
				SWIFT_VERSION = 4.2;
				TARGETED_DEVICE_FAMILY = 1;
			};
			name = Debug;
		};
		D2A5F2141F4A9144005CD714 /* Release */ = {
			isa = XCBuildConfiguration;
			buildSettings = {
				ASSETCATALOG_COMPILER_APPICON_NAME = AppIcon;
				ASSETCATALOG_COMPILER_INCLUDE_ALL_APPICON_ASSETS = YES;
				CLANG_ENABLE_MODULES = YES;
				CODE_SIGN_ENTITLEMENTS = "The Maze.entitlements";
				CODE_SIGN_IDENTITY = "Apple Development";
				CODE_SIGN_STYLE = Automatic;
				CURRENT_PROJECT_VERSION = 4;
				DEVELOPMENT_TEAM = 45VKNM5222;
				FRAMEWORK_SEARCH_PATHS = "$(inherited)";
				INFOPLIST_FILE = "$(SRCROOT)/NinjaAttack/Info.plist";
				INFOPLIST_KEY_LSApplicationCategoryType = "public.app-category.puzzle-games";
				IPHONEOS_DEPLOYMENT_TARGET = 13.0;
				LD_RUNPATH_SEARCH_PATHS = (
					"$(inherited)",
					"@executable_path/Frameworks",
				);
				MARKETING_VERSION = 1.2;
				OTHER_LDFLAGS = (
					"$(inherited)",
					"-ObjC",
					"-l\"sqlite3.0\"",
					"-l\"z\"",
					"-framework",
					"\"AdSupport\"",
					"-framework",
					"\"Security\"",
					"-framework",
					"\"StoreKit\"",
					"-framework",
					"\"SystemConfiguration\"",
					"-framework",
					"\"WebKit\"",
					"-weak_framework",
					"\"AdServices\"",
				);
				PRODUCT_BUNDLE_IDENTIFIER = app.goldenenterprises.ThePendulum;
				PRODUCT_NAME = "$(TARGET_NAME)";
				PROVISIONING_PROFILE_SPECIFIER = "";
				SUPPORTED_PLATFORMS = "iphoneos iphonesimulator";
				SUPPORTS_MACCATALYST = NO;
				SUPPORTS_MAC_DESIGNED_FOR_IPHONE_IPAD = YES;
				SWIFT_OBJC_BRIDGING_HEADER = "The_Maze-Bridging-Header.h";
				SWIFT_VERSION = 4.2;
				TARGETED_DEVICE_FAMILY = 1;
			};
			name = Release;
		};
/* End XCBuildConfiguration section */

/* Begin XCConfigurationList section */
		D2A5F1FB1F4A9143005CD714 /* Build configuration list for PBXProject "The Pendulum" */ = {
			isa = XCConfigurationList;
			buildConfigurations = (
				D2A5F2101F4A9144005CD714 /* Debug */,
				D2A5F2111F4A9144005CD714 /* Release */,
			);
			defaultConfigurationIsVisible = 0;
			defaultConfigurationName = Release;
		};
		D2A5F2121F4A9144005CD714 /* Build configuration list for PBXNativeTarget "The Pendulum" */ = {
			isa = XCConfigurationList;
			buildConfigurations = (
				D2A5F2131F4A9144005CD714 /* Debug */,
				D2A5F2141F4A9144005CD714 /* Release */,
			);
			defaultConfigurationIsVisible = 0;
			defaultConfigurationName = Release;
		};
/* End XCConfigurationList section */

/* Begin XCVersionGroup section */
		D6EDD00B2AF6F7C400F088BE /* mazeDataModel.xcdatamodeld */ = {
			isa = XCVersionGroup;
			children = (
				D6EDD00C2AF6F7C400F088BE /* mazeDataModel.xcdatamodel */,
			);
			currentVersion = D6EDD00C2AF6F7C400F088BE /* mazeDataModel.xcdatamodel */;
			path = mazeDataModel.xcdatamodeld;
			sourceTree = "<group>";
			versionGroupType = wrapper.xcdatamodel;
		};
/* End XCVersionGroup section */
	};
	rootObject = D2A5F1F81F4A9143005CD714 /* Project object */;
}
