// !$*UTF8*$!
{
	archiveVersion = 1;
	classes = {
	};
	objectVersion = 77;
	objects = {

/* Begin PBXBuildFile section */
		D66F26FC2F2BDE1B0099EA6E /* FirebaseAnalytics in Frameworks */ = {isa = PBXBuildFile; productRef = D66F26FB2F2BDE1B0099EA6E /* FirebaseAnalytics */; };
		D66F26FE2F2BDE1B0099EA6E /* FirebaseAuth in Frameworks */ = {isa = PBXBuildFile; productRef = D66F26FD2F2BDE1B0099EA6E /* FirebaseAuth */; };
		D66F27002F2BDE1B0099EA6E /* FirebaseCore in Frameworks */ = {isa = PBXBuildFile; productRef = D66F26FF2F2BDE1B0099EA6E /* FirebaseCore */; };
		D66F27022F2BDE1B0099EA6E /* FirebaseStorage in Frameworks */ = {isa = PBXBuildFile; productRef = D66F27012F2BDE1B0099EA6E /* FirebaseStorage */; };
		D6772EFC2F2D50E30031EA29 /* Singular in Frameworks */ = {isa = PBXBuildFile; productRef = D6772EFB2F2D50E30031EA29 /* Singular */; };
		D67E74042F27DFB700DBF3DF /* GoldenTheme in Frameworks */ = {isa = PBXBuildFile; productRef = D67E74032F27DFB700DBF3DF /* GoldenTheme */; };
		D67E79A12F2BDF3A0099EA6E /* PendulumSolver in Frameworks */ = {isa = PBXBuildFile; productRef = D67E79A02F2BDF3A0099EA6E /* PendulumSolver */; };
		D6ACE22E2F345EE20059B47D /* FirebaseAI in Frameworks */ = {isa = PBXBuildFile; productRef = D6ACE22D2F345EE20059B47D /* FirebaseAI */; };
		D6ACE2302F345EE20059B47D /* FirebaseAILogic in Frameworks */ = {isa = PBXBuildFile; productRef = D6ACE22F2F345EE20059B47D /* FirebaseAILogic */; };
/* End PBXBuildFile section */

/* Begin PBXFileReference section */
		D67E73F42F27DFA500DBF3DF /* The Pendulum 2.0.app */ = {isa = PBXFileReference; explicitFileType = wrapper.application; includeInIndex = 0; path = "The Pendulum 2.0.app"; sourceTree = BUILT_PRODUCTS_DIR; };
/* End PBXFileReference section */

/* Begin PBXFileSystemSynchronizedBuildFileExceptionSet section */
		D67E7A102F3286A000DBF3DF /* Exceptions for "The Pendulum 2.0" folder in "The Pendulum 2.0" target */ = {
			isa = PBXFileSystemSynchronizedBuildFileExceptionSet;
			membershipExceptions = (
				Info.plist,
			);
			target = D67E73F32F27DFA500DBF3DF /* The Pendulum 2.0 */;
		};
/* End PBXFileSystemSynchronizedBuildFileExceptionSet section */

/* Begin PBXFileSystemSynchronizedRootGroup section */
		D67E73F62F27DFA500DBF3DF /* The Pendulum 2.0 */ = {
			isa = PBXFileSystemSynchronizedRootGroup;
			exceptions = (
				D67E7A102F3286A000DBF3DF /* Exceptions for "The Pendulum 2.0" folder in "The Pendulum 2.0" target */,
			);
			path = "The Pendulum 2.0";
			sourceTree = "<group>";
		};
/* End PBXFileSystemSynchronizedRootGroup section */

/* Begin PBXFrameworksBuildPhase section */
		D67E73F12F27DFA500DBF3DF /* Frameworks */ = {
			isa = PBXFrameworksBuildPhase;
			buildActionMask = 2147483647;
			files = (
				D6ACE2302F345EE20059B47D /* FirebaseAILogic in Frameworks */,
				D66F27002F2BDE1B0099EA6E /* FirebaseCore in Frameworks */,
				D6772EFC2F2D50E30031EA29 /* Singular in Frameworks */,
				D67E74042F27DFB700DBF3DF /* GoldenTheme in Frameworks */,
				D66F26FC2F2BDE1B0099EA6E /* FirebaseAnalytics in Frameworks */,
				D66F26FE2F2BDE1B0099EA6E /* FirebaseAuth in Frameworks */,
				D6ACE22E2F345EE20059B47D /* FirebaseAI in Frameworks */,
				D66F27022F2BDE1B0099EA6E /* FirebaseStorage in Frameworks */,
				D67E79A12F2BDF3A0099EA6E /* PendulumSolver in Frameworks */,
			);
			runOnlyForDeploymentPostprocessing = 0;
		};
/* End PBXFrameworksBuildPhase section */

/* Begin PBXGroup section */
		D67E73EB2F27DFA500DBF3DF = {
			isa = PBXGroup;
			children = (
				D67E73F62F27DFA500DBF3DF /* The Pendulum 2.0 */,
				D67E76FD2F27F21200DBF3DF /* Frameworks */,
				D67E73F52F27DFA500DBF3DF /* Products */,
			);
			sourceTree = "<group>";
		};
		D67E73F52F27DFA500DBF3DF /* Products */ = {
			isa = PBXGroup;
			children = (
				D67E73F42F27DFA500DBF3DF /* The Pendulum 2.0.app */,
			);
			name = Products;
			sourceTree = "<group>";
		};
		D67E76FD2F27F21200DBF3DF /* Frameworks */ = {
			isa = PBXGroup;
			children = (
			);
			name = Frameworks;
			sourceTree = "<group>";
		};
/* End PBXGroup section */

/* Begin PBXNativeTarget section */
		D67E73F32F27DFA500DBF3DF /* The Pendulum 2.0 */ = {
			isa = PBXNativeTarget;
			buildConfigurationList = D67E73FF2F27DFA800DBF3DF /* Build configuration list for PBXNativeTarget "The Pendulum 2.0" */;
			buildPhases = (
				D67E73F02F27DFA500DBF3DF /* Sources */,
				D67E73F12F27DFA500DBF3DF /* Frameworks */,
				D67E73F22F27DFA500DBF3DF /* Resources */,
			);
			buildRules = (
			);
			dependencies = (
			);
			fileSystemSynchronizedGroups = (
				D67E73F62F27DFA500DBF3DF /* The Pendulum 2.0 */,
			);
			name = "The Pendulum 2.0";
			packageProductDependencies = (
				D67E74032F27DFB700DBF3DF /* GoldenTheme */,
				D66F26FB2F2BDE1B0099EA6E /* FirebaseAnalytics */,
				D66F26FD2F2BDE1B0099EA6E /* FirebaseAuth */,
				D66F26FF2F2BDE1B0099EA6E /* FirebaseCore */,
				D66F27012F2BDE1B0099EA6E /* FirebaseStorage */,
				D67E79A02F2BDF3A0099EA6E /* PendulumSolver */,
				D6772EFB2F2D50E30031EA29 /* Singular */,
				D6ACE22D2F345EE20059B47D /* FirebaseAI */,
				D6ACE22F2F345EE20059B47D /* FirebaseAILogic */,
			);
			productName = "The Pendulum 2.0";
			productReference = D67E73F42F27DFA500DBF3DF /* The Pendulum 2.0.app */;
			productType = "com.apple.product-type.application";
		};
/* End PBXNativeTarget section */

/* Begin PBXProject section */
		D67E73EC2F27DFA500DBF3DF /* Project object */ = {
			isa = PBXProject;
			attributes = {
				BuildIndependentTargetsInParallel = 1;
				LastSwiftUpdateCheck = 2620;
				LastUpgradeCheck = 2620;
				TargetAttributes = {
					D67E73F32F27DFA500DBF3DF = {
						CreatedOnToolsVersion = 26.2;
					};
				};
			};
			buildConfigurationList = D67E73EF2F27DFA500DBF3DF /* Build configuration list for PBXProject "The Pendulum 2.0" */;
			developmentRegion = en;
			hasScannedForEncodings = 0;
			knownRegions = (
				en,
				Base,
			);
			mainGroup = D67E73EB2F27DFA500DBF3DF;
			minimizedProjectReferenceProxies = 1;
			packageReferences = (
				D67E74022F27DFB700DBF3DF /* XCLocalSwiftPackageReference "../../../../../The Theme/src/core/front_end/golden-theme" */,
				D66F26FA2F2BDE1B0099EA6E /* XCRemoteSwiftPackageReference "firebase-ios-sdk" */,
				D67E799F2F2BDF3A0099EA6E /* XCLocalSwiftPackageReference "../../../../../The Pendulum Solver/src/swift" */,
				D6772EFA2F2D50E30031EA29 /* XCRemoteSwiftPackageReference "Singular-iOS-SDK" */,
			);
			preferredProjectObjectVersion = 77;
			productRefGroup = D67E73F52F27DFA500DBF3DF /* Products */;
			projectDirPath = "";
			projectRoot = "";
			targets = (
				D67E73F32F27DFA500DBF3DF /* The Pendulum 2.0 */,
			);
		};
/* End PBXProject section */

/* Begin PBXResourcesBuildPhase section */
		D67E73F22F27DFA500DBF3DF /* Resources */ = {
			isa = PBXResourcesBuildPhase;
			buildActionMask = 2147483647;
			files = (
			);
			runOnlyForDeploymentPostprocessing = 0;
		};
/* End PBXResourcesBuildPhase section */

/* Begin PBXSourcesBuildPhase section */
		D67E73F02F27DFA500DBF3DF /* Sources */ = {
			isa = PBXSourcesBuildPhase;
			buildActionMask = 2147483647;
			files = (
			);
			runOnlyForDeploymentPostprocessing = 0;
		};
/* End PBXSourcesBuildPhase section */

/* Begin XCBuildConfiguration section */
		D67E73FD2F27DFA800DBF3DF /* Debug */ = {
			isa = XCBuildConfiguration;
			buildSettings = {
				ALWAYS_SEARCH_USER_PATHS = NO;
				ASSETCATALOG_COMPILER_GENERATE_SWIFT_ASSET_SYMBOL_EXTENSIONS = YES;
				CLANG_ANALYZER_NONNULL = YES;
				CLANG_ANALYZER_NUMBER_OBJECT_CONVERSION = YES_AGGRESSIVE;
				CLANG_CXX_LANGUAGE_STANDARD = "gnu++20";
				CLANG_ENABLE_MODULES = YES;
				CLANG_ENABLE_OBJC_ARC = YES;
				CLANG_ENABLE_OBJC_WEAK = YES;
				CLANG_WARN_BLOCK_CAPTURE_AUTORELEASING = YES;
				CLANG_WARN_BOOL_CONVERSION = YES;
				CLANG_WARN_COMMA = YES;
				CLANG_WARN_CONSTANT_CONVERSION = YES;
				CLANG_WARN_DEPRECATED_OBJC_IMPLEMENTATIONS = YES;
				CLANG_WARN_DIRECT_OBJC_ISA_USAGE = YES_ERROR;
				CLANG_WARN_DOCUMENTATION_COMMENTS = YES;
				CLANG_WARN_EMPTY_BODY = YES;
				CLANG_WARN_ENUM_CONVERSION = YES;
				CLANG_WARN_INFINITE_RECURSION = YES;
				CLANG_WARN_INT_CONVERSION = YES;
				CLANG_WARN_NON_LITERAL_NULL_CONVERSION = YES;
				CLANG_WARN_OBJC_IMPLICIT_RETAIN_SELF = YES;
				CLANG_WARN_OBJC_LITERAL_CONVERSION = YES;
				CLANG_WARN_OBJC_ROOT_CLASS = YES_ERROR;
				CLANG_WARN_QUOTED_INCLUDE_IN_FRAMEWORK_HEADER = YES;
				CLANG_WARN_RANGE_LOOP_ANALYSIS = YES;
				CLANG_WARN_STRICT_PROTOTYPES = YES;
				CLANG_WARN_SUSPICIOUS_MOVE = YES;
				CLANG_WARN_UNGUARDED_AVAILABILITY = YES_AGGRESSIVE;
				CLANG_WARN_UNREACHABLE_CODE = YES;
				CLANG_WARN__DUPLICATE_METHOD_MATCH = YES;
				COPY_PHASE_STRIP = NO;
				DEBUG_INFORMATION_FORMAT = dwarf;
				DEVELOPMENT_TEAM = 45VKNM5222;
				ENABLE_STRICT_OBJC_MSGSEND = YES;
				ENABLE_TESTABILITY = YES;
				ENABLE_USER_SCRIPT_SANDBOXING = YES;
				GCC_C_LANGUAGE_STANDARD = gnu17;
				GCC_DYNAMIC_NO_PIC = NO;
				GCC_NO_COMMON_BLOCKS = YES;
				GCC_OPTIMIZATION_LEVEL = 0;
				GCC_PREPROCESSOR_DEFINITIONS = (
					"DEBUG=1",
					"$(inherited)",
				);
				GCC_WARN_64_TO_32_BIT_CONVERSION = YES;
				GCC_WARN_ABOUT_RETURN_TYPE = YES_ERROR;
				GCC_WARN_UNDECLARED_SELECTOR = YES;
				GCC_WARN_UNINITIALIZED_AUTOS = YES_AGGRESSIVE;
				GCC_WARN_UNUSED_FUNCTION = YES;
				GCC_WARN_UNUSED_VARIABLE = YES;
				IPHONEOS_DEPLOYMENT_TARGET = 26.2;
				LOCALIZATION_PREFERS_STRING_CATALOGS = YES;
				MTL_ENABLE_DEBUG_INFO = INCLUDE_SOURCE;
				MTL_FAST_MATH = YES;
				ONLY_ACTIVE_ARCH = YES;
				SDKROOT = iphoneos;
				SWIFT_ACTIVE_COMPILATION_CONDITIONS = "DEBUG $(inherited)";
				SWIFT_OPTIMIZATION_LEVEL = "-Onone";
			};
			name = Debug;
		};
		D67E73FE2F27DFA800DBF3DF /* Release */ = {
			isa = XCBuildConfiguration;
			buildSettings = {
				ALWAYS_SEARCH_USER_PATHS = NO;
				ASSETCATALOG_COMPILER_GENERATE_SWIFT_ASSET_SYMBOL_EXTENSIONS = YES;
				CLANG_ANALYZER_NONNULL = YES;
				CLANG_ANALYZER_NUMBER_OBJECT_CONVERSION = YES_AGGRESSIVE;
				CLANG_CXX_LANGUAGE_STANDARD = "gnu++20";
				CLANG_ENABLE_MODULES = YES;
				CLANG_ENABLE_OBJC_ARC = YES;
				CLANG_ENABLE_OBJC_WEAK = YES;
				CLANG_WARN_BLOCK_CAPTURE_AUTORELEASING = YES;
				CLANG_WARN_BOOL_CONVERSION = YES;
				CLANG_WARN_COMMA = YES;
				CLANG_WARN_CONSTANT_CONVERSION = YES;
				CLANG_WARN_DEPRECATED_OBJC_IMPLEMENTATIONS = YES;
				CLANG_WARN_DIRECT_OBJC_ISA_USAGE = YES_ERROR;
				CLANG_WARN_DOCUMENTATION_COMMENTS = YES;
				CLANG_WARN_EMPTY_BODY = YES;
				CLANG_WARN_ENUM_CONVERSION = YES;
				CLANG_WARN_INFINITE_RECURSION = YES;
				CLANG_WARN_INT_CONVERSION = YES;
				CLANG_WARN_NON_LITERAL_NULL_CONVERSION = YES;
				CLANG_WARN_OBJC_IMPLICIT_RETAIN_SELF = YES;
				CLANG_WARN_OBJC_LITERAL_CONVERSION = YES;
				CLANG_WARN_OBJC_ROOT_CLASS = YES_ERROR;
				CLANG_WARN_QUOTED_INCLUDE_IN_FRAMEWORK_HEADER = YES;
				CLANG_WARN_RANGE_LOOP_ANALYSIS = YES;
				CLANG_WARN_STRICT_PROTOTYPES = YES;
				CLANG_WARN_SUSPICIOUS_MOVE = YES;
				CLANG_WARN_UNGUARDED_AVAILABILITY = YES_AGGRESSIVE;
				CLANG_WARN_UNREACHABLE_CODE = YES;
				CLANG_WARN__DUPLICATE_METHOD_MATCH = YES;
				COPY_PHASE_STRIP = NO;
				DEBUG_INFORMATION_FORMAT = "dwarf-with-dsym";
				DEVELOPMENT_TEAM = 45VKNM5222;
				ENABLE_NS_ASSERTIONS = NO;
				ENABLE_STRICT_OBJC_MSGSEND = YES;
				ENABLE_USER_SCRIPT_SANDBOXING = YES;
				GCC_C_LANGUAGE_STANDARD = gnu17;
				GCC_NO_COMMON_BLOCKS = YES;
				GCC_WARN_64_TO_32_BIT_CONVERSION = YES;
				GCC_WARN_ABOUT_RETURN_TYPE = YES_ERROR;
				GCC_WARN_UNDECLARED_SELECTOR = YES;
				GCC_WARN_UNINITIALIZED_AUTOS = YES_AGGRESSIVE;
				GCC_WARN_UNUSED_FUNCTION = YES;
				GCC_WARN_UNUSED_VARIABLE = YES;
				IPHONEOS_DEPLOYMENT_TARGET = 26.2;
				LOCALIZATION_PREFERS_STRING_CATALOGS = YES;
				MTL_ENABLE_DEBUG_INFO = NO;
				MTL_FAST_MATH = YES;
				SDKROOT = iphoneos;
				SWIFT_COMPILATION_MODE = wholemodule;
				VALIDATE_PRODUCT = YES;
			};
			name = Release;
		};
		D67E74002F27DFA800DBF3DF /* Debug */ = {
			isa = XCBuildConfiguration;
			buildSettings = {
				ASSETCATALOG_COMPILER_APPICON_NAME = AppIcon;
				ASSETCATALOG_COMPILER_GLOBAL_ACCENT_COLOR_NAME = AccentColor;
				CODE_SIGN_ENTITLEMENTS = "The Pendulum 2.0/The Pendulum 2.0.entitlements";
				CODE_SIGN_STYLE = Automatic;
				CURRENT_PROJECT_VERSION = 5;
				DEVELOPMENT_TEAM = 45VKNM5222;
				ENABLE_PREVIEWS = YES;
				GENERATE_INFOPLIST_FILE = YES;
				INFOPLIST_FILE = "The Pendulum 2.0/Info.plist";
				INFOPLIST_KEY_NSHealthShareUsageDescription = "The Pendulum reads your health data to correlate with your training performance and provide personalized insights.";
				INFOPLIST_KEY_NSHealthUpdateUsageDescription = "The Pendulum logs your training sessions as mindfulness minutes to help you track your focus practice.";
				INFOPLIST_KEY_NSUserTrackingUsageDescription = "This identifier helps us measure how you discovered The Pendulum and improve our ability to reach players who enjoy physics-based mindfulness games.";
				INFOPLIST_KEY_UIApplicationSceneManifest_Generation = YES;
				INFOPLIST_KEY_UIApplicationSupportsIndirectInputEvents = YES;
				INFOPLIST_KEY_UILaunchScreen_Generation = YES;
				INFOPLIST_KEY_UISupportedInterfaceOrientations_iPad = "UIInterfaceOrientationPortrait UIInterfaceOrientationPortraitUpsideDown UIInterfaceOrientationLandscapeLeft UIInterfaceOrientationLandscapeRight";
				INFOPLIST_KEY_UISupportedInterfaceOrientations_iPhone = "UIInterfaceOrientationPortrait UIInterfaceOrientationLandscapeLeft UIInterfaceOrientationLandscapeRight";
				LD_RUNPATH_SEARCH_PATHS = (
					"$(inherited)",
					"@executable_path/Frameworks",
				);
				MARKETING_VERSION = 1.0;
				PRODUCT_BUNDLE_IDENTIFIER = "com.golden-enterprises.The-Pendulum-2-0";
				PRODUCT_NAME = "$(TARGET_NAME)";
				STRING_CATALOG_GENERATE_SYMBOLS = YES;
				SWIFT_APPROACHABLE_CONCURRENCY = YES;
				SWIFT_DEFAULT_ACTOR_ISOLATION = MainActor;
				SWIFT_EMIT_LOC_STRINGS = YES;
				SWIFT_UPCOMING_FEATURE_MEMBER_IMPORT_VISIBILITY = YES;
				SWIFT_VERSION = 5.0;
				TARGETED_DEVICE_FAMILY = "1,2";
			};
			name = Debug;
		};
		D67E74012F27DFA800DBF3DF /* Release */ = {
			isa = XCBuildConfiguration;
			buildSettings = {
				ASSETCATALOG_COMPILER_APPICON_NAME = AppIcon;
				ASSETCATALOG_COMPILER_GLOBAL_ACCENT_COLOR_NAME = AccentColor;
				CODE_SIGN_ENTITLEMENTS = "The Pendulum 2.0/The Pendulum 2.0.entitlements";
				CODE_SIGN_STYLE = Automatic;
				CURRENT_PROJECT_VERSION = 5;
				DEVELOPMENT_TEAM = 45VKNM5222;
				ENABLE_PREVIEWS = YES;
				GENERATE_INFOPLIST_FILE = YES;
				INFOPLIST_FILE = "The Pendulum 2.0/Info.plist";
				INFOPLIST_KEY_NSHealthShareUsageDescription = "The Pendulum reads your health data to correlate with your training performance and provide personalized insights.";
				INFOPLIST_KEY_NSHealthUpdateUsageDescription = "The Pendulum logs your training sessions as mindfulness minutes to help you track your focus practice.";
				INFOPLIST_KEY_NSUserTrackingUsageDescription = "This identifier helps us measure how you discovered The Pendulum and improve our ability to reach players who enjoy physics-based mindfulness games.";
				INFOPLIST_KEY_UIApplicationSceneManifest_Generation = YES;
				INFOPLIST_KEY_UIApplicationSupportsIndirectInputEvents = YES;
				INFOPLIST_KEY_UILaunchScreen_Generation = YES;
				INFOPLIST_KEY_UISupportedInterfaceOrientations_iPad = "UIInterfaceOrientationPortrait UIInterfaceOrientationPortraitUpsideDown UIInterfaceOrientationLandscapeLeft UIInterfaceOrientationLandscapeRight";
				INFOPLIST_KEY_UISupportedInterfaceOrientations_iPhone = "UIInterfaceOrientationPortrait UIInterfaceOrientationLandscapeLeft UIInterfaceOrientationLandscapeRight";
				LD_RUNPATH_SEARCH_PATHS = (
					"$(inherited)",
					"@executable_path/Frameworks",
				);
				MARKETING_VERSION = 1.0;
				PRODUCT_BUNDLE_IDENTIFIER = "com.golden-enterprises.The-Pendulum-2-0";
				PRODUCT_NAME = "$(TARGET_NAME)";
				STRING_CATALOG_GENERATE_SYMBOLS = YES;
				SWIFT_APPROACHABLE_CONCURRENCY = YES;
				SWIFT_DEFAULT_ACTOR_ISOLATION = MainActor;
				SWIFT_EMIT_LOC_STRINGS = YES;
				SWIFT_UPCOMING_FEATURE_MEMBER_IMPORT_VISIBILITY = YES;
				SWIFT_VERSION = 5.0;
				TARGETED_DEVICE_FAMILY = "1,2";
			};
			name = Release;
		};
/* End XCBuildConfiguration section */

/* Begin XCConfigurationList section */
		D67E73EF2F27DFA500DBF3DF /* Build configuration list for PBXProject "The Pendulum 2.0" */ = {
			isa = XCConfigurationList;
			buildConfigurations = (
				D67E73FD2F27DFA800DBF3DF /* Debug */,
				D67E73FE2F27DFA800DBF3DF /* Release */,
			);
			defaultConfigurationIsVisible = 0;
			defaultConfigurationName = Release;
		};
		D67E73FF2F27DFA800DBF3DF /* Build configuration list for PBXNativeTarget "The Pendulum 2.0" */ = {
			isa = XCConfigurationList;
			buildConfigurations = (
				D67E74002F27DFA800DBF3DF /* Debug */,
				D67E74012F27DFA800DBF3DF /* Release */,
			);
			defaultConfigurationIsVisible = 0;
			defaultConfigurationName = Release;
		};
/* End XCConfigurationList section */

/* Begin XCLocalSwiftPackageReference section */
		D67E74022F27DFB700DBF3DF /* XCLocalSwiftPackageReference "../../../../../The Theme/src/core/front_end/golden-theme" */ = {
			isa = XCLocalSwiftPackageReference;
			relativePath = "../../../../../The Theme/src/core/front_end/golden-theme";
		};
		D67E799F2F2BDF3A0099EA6E /* XCLocalSwiftPackageReference "../../../../../The Pendulum Solver/src/swift" */ = {
			isa = XCLocalSwiftPackageReference;
			relativePath = "../../../../../The Pendulum Solver/src/swift";
		};
/* End XCLocalSwiftPackageReference section */

/* Begin XCRemoteSwiftPackageReference section */
		D66F26FA2F2BDE1B0099EA6E /* XCRemoteSwiftPackageReference "firebase-ios-sdk" */ = {
			isa = XCRemoteSwiftPackageReference;
			repositoryURL = "https://github.com/firebase/firebase-ios-sdk.git";
			requirement = {
				kind = upToNextMajorVersion;
				minimumVersion = 12.8.0;
			};
		};
		D6772EFA2F2D50E30031EA29 /* XCRemoteSwiftPackageReference "Singular-iOS-SDK" */ = {
			isa = XCRemoteSwiftPackageReference;
			repositoryURL = "https://github.com/singular-labs/Singular-iOS-SDK";
			requirement = {
				kind = upToNextMajorVersion;
				minimumVersion = 12.10.0;
			};
		};
/* End XCRemoteSwiftPackageReference section */

/* Begin XCSwiftPackageProductDependency section */
		D66F26FB2F2BDE1B0099EA6E /* FirebaseAnalytics */ = {
			isa = XCSwiftPackageProductDependency;
			package = D66F26FA2F2BDE1B0099EA6E /* XCRemoteSwiftPackageReference "firebase-ios-sdk" */;
			productName = FirebaseAnalytics;
		};
		D66F26FD2F2BDE1B0099EA6E /* FirebaseAuth */ = {
			isa = XCSwiftPackageProductDependency;
			package = D66F26FA2F2BDE1B0099EA6E /* XCRemoteSwiftPackageReference "firebase-ios-sdk" */;
			productName = FirebaseAuth;
		};
		D66F26FF2F2BDE1B0099EA6E /* FirebaseCore */ = {
			isa = XCSwiftPackageProductDependency;
			package = D66F26FA2F2BDE1B0099EA6E /* XCRemoteSwiftPackageReference "firebase-ios-sdk" */;
			productName = FirebaseCore;
		};
		D66F27012F2BDE1B0099EA6E /* FirebaseStorage */ = {
			isa = XCSwiftPackageProductDependency;
			package = D66F26FA2F2BDE1B0099EA6E /* XCRemoteSwiftPackageReference "firebase-ios-sdk" */;
			productName = FirebaseStorage;
		};
		D6772EFB2F2D50E30031EA29 /* Singular */ = {
			isa = XCSwiftPackageProductDependency;
			package = D6772EFA2F2D50E30031EA29 /* XCRemoteSwiftPackageReference "Singular-iOS-SDK" */;
			productName = Singular;
		};
		D67E74032F27DFB700DBF3DF /* GoldenTheme */ = {
			isa = XCSwiftPackageProductDependency;
			productName = GoldenTheme;
		};
		D67E79A02F2BDF3A0099EA6E /* PendulumSolver */ = {
			isa = XCSwiftPackageProductDependency;
			package = D67E799F2F2BDF3A0099EA6E /* XCLocalSwiftPackageReference "../../../../../The Pendulum Solver/src/swift" */;
			productName = PendulumSolver;
		};
		D6ACE22D2F345EE20059B47D /* FirebaseAI */ = {
			isa = XCSwiftPackageProductDependency;
			package = D66F26FA2F2BDE1B0099EA6E /* XCRemoteSwiftPackageReference "firebase-ios-sdk" */;
			productName = FirebaseAI;
		};
		D6ACE22F2F345EE20059B47D /* FirebaseAILogic */ = {
			isa = XCSwiftPackageProductDependency;
			package = D66F26FA2F2BDE1B0099EA6E /* XCRemoteSwiftPackageReference "firebase-ios-sdk" */;
			productName = FirebaseAILogic;
		};
/* End XCSwiftPackageProductDependency section */
	};
	rootObject = D67E73EC2F27DFA500DBF3DF /* Project object */;
}
